// !$*UTF8*$!
{
	archiveVersion = 1;
	classes = {
	};
	objectVersion = 46;
	objects = {

/* Begin PBXBuildFile section */
		138C320C52179B393EB5DE5F /* Pods_ACKit_Tests.framework in Frameworks */ = {isa = PBXBuildFile; fileRef = 28EDEB491C4267B8470A5F0F /* Pods_ACKit_Tests.framework */; };
		607FACEC1AFB9204008FA782 /* Tests.swift in Sources */ = {isa = PBXBuildFile; fileRef = 607FACEB1AFB9204008FA782 /* Tests.swift */; };
		C4065D6E2016EB7D009B651F /* MainViewController.swift in Sources */ = {isa = PBXBuildFile; fileRef = C4065D6D2016EB7C009B651F /* MainViewController.swift */; };
		C4065D702016EB87009B651F /* SubMain1ViewController.swift in Sources */ = {isa = PBXBuildFile; fileRef = C4065D6F2016EB87009B651F /* SubMain1ViewController.swift */; };
		C4065DD920184159009B651F /* CaseUnwindViewController1.swift in Sources */ = {isa = PBXBuildFile; fileRef = C4065D7F20184159009B651F /* CaseUnwindViewController1.swift */; };
		C4065DDA20184159009B651F /* CaseUnwindViewController2.swift in Sources */ = {isa = PBXBuildFile; fileRef = C4065D8020184159009B651F /* CaseUnwindViewController2.swift */; };
		C4065DDB20184159009B651F /* CaseUnwind.storyboard in Resources */ = {isa = PBXBuildFile; fileRef = C4065D8120184159009B651F /* CaseUnwind.storyboard */; };
		C4065DDC20184159009B651F /* CaseEmbed.storyboard in Resources */ = {isa = PBXBuildFile; fileRef = C4065D8320184159009B651F /* CaseEmbed.storyboard */; };
		C4065DDD20184159009B651F /* CaseEmbedVCByCode.xib in Resources */ = {isa = PBXBuildFile; fileRef = C4065D8420184159009B651F /* CaseEmbedVCByCode.xib */; };
		C4065DDE20184159009B651F /* CaseEmbedVCByCode.swift in Sources */ = {isa = PBXBuildFile; fileRef = C4065D8520184159009B651F /* CaseEmbedVCByCode.swift */; };
		C4065DDF20184159009B651F /* CaseEmbedViewController.swift in Sources */ = {isa = PBXBuildFile; fileRef = C4065D8620184159009B651F /* CaseEmbedViewController.swift */; };
		C4065DE020184159009B651F /* CaseEmbedSubVCByCode.swift in Sources */ = {isa = PBXBuildFile; fileRef = C4065D8720184159009B651F /* CaseEmbedSubVCByCode.swift */; };
		C4065DE120184159009B651F /* CaseTransitions2.storyboard in Resources */ = {isa = PBXBuildFile; fileRef = C4065D8920184159009B651F /* CaseTransitions2.storyboard */; };
		C4065DE220184159009B651F /* SampleTransition2FromViewController.swift in Sources */ = {isa = PBXBuildFile; fileRef = C4065D8A20184159009B651F /* SampleTransition2FromViewController.swift */; };
		C4065DE320184159009B651F /* SampleTransition2ToViewController.swift in Sources */ = {isa = PBXBuildFile; fileRef = C4065D8B20184159009B651F /* SampleTransition2ToViewController.swift */; };
		C4065DE420184159009B651F /* CaseOrientation.storyboard in Resources */ = {isa = PBXBuildFile; fileRef = C4065D8D20184159009B651F /* CaseOrientation.storyboard */; };
		C4065DE520184159009B651F /* CaseOrientationView1.swift in Sources */ = {isa = PBXBuildFile; fileRef = C4065D8E20184159009B651F /* CaseOrientationView1.swift */; };
		C4065DE620184159009B651F /* CaseTransitions.storyboard in Resources */ = {isa = PBXBuildFile; fileRef = C4065D9020184159009B651F /* CaseTransitions.storyboard */; };
		C4065DE720184159009B651F /* SampleTransitionFromViewController.swift in Sources */ = {isa = PBXBuildFile; fileRef = C4065D9120184159009B651F /* SampleTransitionFromViewController.swift */; };
		C4065DE820184159009B651F /* ACHorizontalTransitionManager.swift in Sources */ = {isa = PBXBuildFile; fileRef = C4065D9320184159009B651F /* ACHorizontalTransitionManager.swift */; };
		C4065DE920184159009B651F /* ACHorizontalSlideInAnimator.swift in Sources */ = {isa = PBXBuildFile; fileRef = C4065D9420184159009B651F /* ACHorizontalSlideInAnimator.swift */; };
		C4065DEA20184159009B651F /* ACHorizontalSlideOutAnimator.swift in Sources */ = {isa = PBXBuildFile; fileRef = C4065D9520184159009B651F /* ACHorizontalSlideOutAnimator.swift */; };
		C4065DEB20184159009B651F /* ACHorizontalInteractiveTransition.swift in Sources */ = {isa = PBXBuildFile; fileRef = C4065D9620184159009B651F /* ACHorizontalInteractiveTransition.swift */; };
		C4065DEC20184159009B651F /* SampleTransitionToViewController.swift in Sources */ = {isa = PBXBuildFile; fileRef = C4065D9720184159009B651F /* SampleTransitionToViewController.swift */; };
		C4065DED20184159009B651F /* CaseSwizzleViewController.swift in Sources */ = {isa = PBXBuildFile; fileRef = C4065D9A20184159009B651F /* CaseSwizzleViewController.swift */; };
		C4065DEE20184159009B651F /* CaseSwizzleSegue.storyboard in Resources */ = {isa = PBXBuildFile; fileRef = C4065D9B20184159009B651F /* CaseSwizzleSegue.storyboard */; };
		C4065DEF20184159009B651F /* SampleNavFirstViewController.swift in Sources */ = {isa = PBXBuildFile; fileRef = C4065D9D20184159009B651F /* SampleNavFirstViewController.swift */; };
		C4065DF020184159009B651F /* CaseNavigationController.storyboard in Resources */ = {isa = PBXBuildFile; fileRef = C4065D9E20184159009B651F /* CaseNavigationController.storyboard */; };
		C4065DF120184159009B651F /* SampleNavMainViewController.swift in Sources */ = {isa = PBXBuildFile; fileRef = C4065D9F20184159009B651F /* SampleNavMainViewController.swift */; };
		C4065DF220184159009B651F /* CaseParallax.storyboard in Resources */ = {isa = PBXBuildFile; fileRef = C4065DA220184159009B651F /* CaseParallax.storyboard */; };
		C4065DF320184159009B651F /* ACParallaxView.swift in Sources */ = {isa = PBXBuildFile; fileRef = C4065DA320184159009B651F /* ACParallaxView.swift */; };
		C4065DF420184159009B651F /* KCParallaxView.m in Sources */ = {isa = PBXBuildFile; fileRef = C4065DA420184159009B651F /* KCParallaxView.m */; };
		C4065DF520184159009B651F /* ACParallaxView.xib in Resources */ = {isa = PBXBuildFile; fileRef = C4065DA520184159009B651F /* ACParallaxView.xib */; };
		C4065DF620184159009B651F /* CaseParallaxMainViewController.swift in Sources */ = {isa = PBXBuildFile; fileRef = C4065DA720184159009B651F /* CaseParallaxMainViewController.swift */; };
		C4065DF720184159009B651F /* UIImageView+Aldo.m in Sources */ = {isa = PBXBuildFile; fileRef = C4065DA820184159009B651F /* UIImageView+Aldo.m */; };
		C4065DF820184159009B651F /* CaseStackview.storyboard in Resources */ = {isa = PBXBuildFile; fileRef = C4065DAA20184159009B651F /* CaseStackview.storyboard */; };
		C4065DF920184159009B651F /* CaseWillMoveView.swift in Sources */ = {isa = PBXBuildFile; fileRef = C4065DAC20184159009B651F /* CaseWillMoveView.swift */; };
		C4065DFA2018415A009B651F /* CaseUIViewWillMove.storyboard in Resources */ = {isa = PBXBuildFile; fileRef = C4065DAD20184159009B651F /* CaseUIViewWillMove.storyboard */; };
		C4065DFB2018415A009B651F /* CaseUIViewWillMoveViewController2.swift in Sources */ = {isa = PBXBuildFile; fileRef = C4065DAE20184159009B651F /* CaseUIViewWillMoveViewController2.swift */; };
		C4065DFC2018415A009B651F /* CaseUIViewWillMoveViewController1.swift in Sources */ = {isa = PBXBuildFile; fileRef = C4065DAF20184159009B651F /* CaseUIViewWillMoveViewController1.swift */; };
		C4065DFD2018415A009B651F /* CaseUIViewWillMoveMainViewController.swift in Sources */ = {isa = PBXBuildFile; fileRef = C4065DB020184159009B651F /* CaseUIViewWillMoveMainViewController.swift */; };
		C4065DFE2018415A009B651F /* CaseBlurModalViewController.swift in Sources */ = {isa = PBXBuildFile; fileRef = C4065DB220184159009B651F /* CaseBlurModalViewController.swift */; };
		C4065DFF2018415A009B651F /* CaseBlurModal.storyboard in Resources */ = {isa = PBXBuildFile; fileRef = C4065DB320184159009B651F /* CaseBlurModal.storyboard */; };
		C4065E002018415A009B651F /* ACBlurInAnimator.swift in Sources */ = {isa = PBXBuildFile; fileRef = C4065DB420184159009B651F /* ACBlurInAnimator.swift */; };
		C4065E012018415A009B651F /* CaseBlurModalMainViewController.swift in Sources */ = {isa = PBXBuildFile; fileRef = C4065DB520184159009B651F /* CaseBlurModalMainViewController.swift */; };
		C4065E022018415A009B651F /* ACBlurOutAnimator.swift in Sources */ = {isa = PBXBuildFile; fileRef = C4065DB620184159009B651F /* ACBlurOutAnimator.swift */; };
		C4065E032018415A009B651F /* CaseAutolayout.storyboard in Resources */ = {isa = PBXBuildFile; fileRef = C4065DB820184159009B651F /* CaseAutolayout.storyboard */; };
		C4065E042018415A009B651F /* CaseAutolayoutMainViewController.swift in Sources */ = {isa = PBXBuildFile; fileRef = C4065DB920184159009B651F /* CaseAutolayoutMainViewController.swift */; };
		C4065E052018415A009B651F /* CaseUI.storyboard in Resources */ = {isa = PBXBuildFile; fileRef = C4065DBB20184159009B651F /* CaseUI.storyboard */; };
		C4065E062018415A009B651F /* ElasticView.swift in Sources */ = {isa = PBXBuildFile; fileRef = C4065DBE20184159009B651F /* ElasticView.swift */; };
		C4065E072018415A009B651F /* CaseElasticSampleView.xib in Resources */ = {isa = PBXBuildFile; fileRef = C4065DBF20184159009B651F /* CaseElasticSampleView.xib */; };
		C4065E082018415A009B651F /* CaseElasticViewController.swift in Sources */ = {isa = PBXBuildFile; fileRef = C4065DC020184159009B651F /* CaseElasticViewController.swift */; };
		C4065E092018415A009B651F /* CaseElasticHeader.storyboard in Resources */ = {isa = PBXBuildFile; fileRef = C4065DC120184159009B651F /* CaseElasticHeader.storyboard */; };
		C4065E0A2018415A009B651F /* CaseElasticSampleView.swift in Sources */ = {isa = PBXBuildFile; fileRef = C4065DC220184159009B651F /* CaseElasticSampleView.swift */; };
		C4065E0B2018415A009B651F /* ElasticView.xib in Resources */ = {isa = PBXBuildFile; fileRef = C4065DC320184159009B651F /* ElasticView.xib */; };
		C4065E0C2018415A009B651F /* TableHeaderViewController2.swift in Sources */ = {isa = PBXBuildFile; fileRef = C4065DC520184159009B651F /* TableHeaderViewController2.swift */; };
		C4065E0D2018415A009B651F /* SampleHeaderView1.xib in Resources */ = {isa = PBXBuildFile; fileRef = C4065DC720184159009B651F /* SampleHeaderView1.xib */; };
		C4065E0E2018415A009B651F /* SampleHeaderView2.xib in Resources */ = {isa = PBXBuildFile; fileRef = C4065DC820184159009B651F /* SampleHeaderView2.xib */; };
		C4065E0F2018415A009B651F /* SampleHeaderView1.swift in Sources */ = {isa = PBXBuildFile; fileRef = C4065DC920184159009B651F /* SampleHeaderView1.swift */; };
		C4065E102018415A009B651F /* SampleHeaderView2.swift in Sources */ = {isa = PBXBuildFile; fileRef = C4065DCA20184159009B651F /* SampleHeaderView2.swift */; };
		C4065E112018415A009B651F /* SampleTableViewCell2.xib in Resources */ = {isa = PBXBuildFile; fileRef = C4065DCB20184159009B651F /* SampleTableViewCell2.xib */; };
		C4065E122018415A009B651F /* SampleTableViewCell1.xib in Resources */ = {isa = PBXBuildFile; fileRef = C4065DCC20184159009B651F /* SampleTableViewCell1.xib */; };
		C4065E132018415A009B651F /* TableHeaderViewController1.swift in Sources */ = {isa = PBXBuildFile; fileRef = C4065DCD20184159009B651F /* TableHeaderViewController1.swift */; };
		C4065E142018415A009B651F /* TableHeaderViewController3.swift in Sources */ = {isa = PBXBuildFile; fileRef = C4065DCE20184159009B651F /* TableHeaderViewController3.swift */; };
		C4065E152018415A009B651F /* CaseTableCells.storyboard in Resources */ = {isa = PBXBuildFile; fileRef = C4065DCF20184159009B651F /* CaseTableCells.storyboard */; };
		C4065E162018415A009B651F /* SampleTableViewCell1.swift in Sources */ = {isa = PBXBuildFile; fileRef = C4065DD020184159009B651F /* SampleTableViewCell1.swift */; };
		C4065E172018415A009B651F /* TableCellViewController.swift in Sources */ = {isa = PBXBuildFile; fileRef = C4065DD120184159009B651F /* TableCellViewController.swift */; };
		C4065E182018415A009B651F /* SampleTableViewCell2.swift in Sources */ = {isa = PBXBuildFile; fileRef = C4065DD220184159009B651F /* SampleTableViewCell2.swift */; };
		C4065E192018415A009B651F /* CaseCollections.storyboard in Resources */ = {isa = PBXBuildFile; fileRef = C4065DD420184159009B651F /* CaseCollections.storyboard */; };
		C4065E1A2018415A009B651F /* CollectionViewController.swift in Sources */ = {isa = PBXBuildFile; fileRef = C4065DD520184159009B651F /* CollectionViewController.swift */; };
		C4065E1B2018415A009B651F /* CaseScroll.storyboard in Resources */ = {isa = PBXBuildFile; fileRef = C4065DD720184159009B651F /* CaseScroll.storyboard */; };
		C4065E1C2018415A009B651F /* CaseScrollViewController.swift in Sources */ = {isa = PBXBuildFile; fileRef = C4065DD820184159009B651F /* CaseScrollViewController.swift */; };
		C406D4DC201FA1E500268161 /* CaseAccessbility.storyboard in Resources */ = {isa = PBXBuildFile; fileRef = C406D4DB201FA1E500268161 /* CaseAccessbility.storyboard */; };
		C406D4DE201FA4DA00268161 /* CaseAccessibilityViewController.swift in Sources */ = {isa = PBXBuildFile; fileRef = C406D4DD201FA4DA00268161 /* CaseAccessibilityViewController.swift */; };
		C406D4E0201FB59A00268161 /* CaseAccessibilityView.swift in Sources */ = {isa = PBXBuildFile; fileRef = C406D4DF201FB59A00268161 /* CaseAccessibilityView.swift */; };
		C44CB7691F53521100AF5FC9 /* AppDelegate.swift in Sources */ = {isa = PBXBuildFile; fileRef = C44CB74D1F53521100AF5FC9 /* AppDelegate.swift */; };
		C44CB76A1F53521100AF5FC9 /* LaunchScreen.xib in Resources */ = {isa = PBXBuildFile; fileRef = C44CB74F1F53521100AF5FC9 /* LaunchScreen.xib */; };
		C44CB76B1F53521100AF5FC9 /* Main.storyboard in Resources */ = {isa = PBXBuildFile; fileRef = C44CB7511F53521100AF5FC9 /* Main.storyboard */; };
		C44CB77B1F53521100AF5FC9 /* Images.xcassets in Resources */ = {isa = PBXBuildFile; fileRef = C44CB7661F53521100AF5FC9 /* Images.xcassets */; };
		C44CB77C1F53521100AF5FC9 /* Info.plist in Resources */ = {isa = PBXBuildFile; fileRef = C44CB7671F53521100AF5FC9 /* Info.plist */; };
		C44CB77D1F53521100AF5FC9 /* SubMain3ViewController.swift in Sources */ = {isa = PBXBuildFile; fileRef = C44CB7681F53521100AF5FC9 /* SubMain3ViewController.swift */; };
		C453BFD12020E74D00D6AD00 /* CaseCollectionCell.swift in Sources */ = {isa = PBXBuildFile; fileRef = C453BFD02020E74D00D6AD00 /* CaseCollectionCell.swift */; };
		C453BFD620223E8700D6AD00 /* CaseTableAutoHeight.storyboard in Resources */ = {isa = PBXBuildFile; fileRef = C453BFD520223E8700D6AD00 /* CaseTableAutoHeight.storyboard */; };
		C453BFD820223F6C00D6AD00 /* CaseTableAutoHeightViewController.swift in Sources */ = {isa = PBXBuildFile; fileRef = C453BFD720223F6C00D6AD00 /* CaseTableAutoHeightViewController.swift */; };
		C453BFDA2022405300D6AD00 /* CaseTableAutoHeightCell.swift in Sources */ = {isa = PBXBuildFile; fileRef = C453BFD92022405300D6AD00 /* CaseTableAutoHeightCell.swift */; };
		EEAF5AD6B36510AB6B8D439B /* Pods_ACKit_Example.framework in Frameworks */ = {isa = PBXBuildFile; fileRef = 9CBBD66DCD4C4EC76608D242 /* Pods_ACKit_Example.framework */; };
/* End PBXBuildFile section */

/* Begin PBXContainerItemProxy section */
		607FACE61AFB9204008FA782 /* PBXContainerItemProxy */ = {
			isa = PBXContainerItemProxy;
			containerPortal = 607FACC81AFB9204008FA782 /* Project object */;
			proxyType = 1;
			remoteGlobalIDString = 607FACCF1AFB9204008FA782;
			remoteInfo = ACKit;
		};
/* End PBXContainerItemProxy section */

/* Begin PBXFileReference section */
		0C7D67CE9ED861429AAFD5AA /* Pods-ACKit_Example.debug.xcconfig */ = {isa = PBXFileReference; includeInIndex = 1; lastKnownFileType = text.xcconfig; name = "Pods-ACKit_Example.debug.xcconfig"; path = "Pods/Target Support Files/Pods-ACKit_Example/Pods-ACKit_Example.debug.xcconfig"; sourceTree = "<group>"; };
		11B9CFCE20D2155046E3279F /* LICENSE */ = {isa = PBXFileReference; includeInIndex = 1; lastKnownFileType = text; name = LICENSE; path = ../LICENSE; sourceTree = "<group>"; };
		167B9F082CCFB279AA1FBA33 /* ACKit.podspec */ = {isa = PBXFileReference; includeInIndex = 1; lastKnownFileType = text; name = ACKit.podspec; path = ../ACKit.podspec; sourceTree = "<group>"; };
		28EDEB491C4267B8470A5F0F /* Pods_ACKit_Tests.framework */ = {isa = PBXFileReference; explicitFileType = wrapper.framework; includeInIndex = 0; path = Pods_ACKit_Tests.framework; sourceTree = BUILT_PRODUCTS_DIR; };
		607FACD01AFB9204008FA782 /* ACKit_Example.app */ = {isa = PBXFileReference; explicitFileType = wrapper.application; includeInIndex = 0; path = ACKit_Example.app; sourceTree = BUILT_PRODUCTS_DIR; };
		607FACE51AFB9204008FA782 /* ACKit_Tests.xctest */ = {isa = PBXFileReference; explicitFileType = wrapper.cfbundle; includeInIndex = 0; path = ACKit_Tests.xctest; sourceTree = BUILT_PRODUCTS_DIR; };
		607FACEA1AFB9204008FA782 /* Info.plist */ = {isa = PBXFileReference; lastKnownFileType = text.plist.xml; path = Info.plist; sourceTree = "<group>"; };
		607FACEB1AFB9204008FA782 /* Tests.swift */ = {isa = PBXFileReference; lastKnownFileType = sourcecode.swift; path = Tests.swift; sourceTree = "<group>"; };
		7F692D691A25E4130E657F62 /* Pods-ACKit_Tests.debug.xcconfig */ = {isa = PBXFileReference; includeInIndex = 1; lastKnownFileType = text.xcconfig; name = "Pods-ACKit_Tests.debug.xcconfig"; path = "Pods/Target Support Files/Pods-ACKit_Tests/Pods-ACKit_Tests.debug.xcconfig"; sourceTree = "<group>"; };
		9473BBA84E5B146F7B4369C0 /* README.md */ = {isa = PBXFileReference; includeInIndex = 1; lastKnownFileType = net.daringfireball.markdown; name = README.md; path = ../README.md; sourceTree = "<group>"; };
		9CBBD66DCD4C4EC76608D242 /* Pods_ACKit_Example.framework */ = {isa = PBXFileReference; explicitFileType = wrapper.framework; includeInIndex = 0; path = Pods_ACKit_Example.framework; sourceTree = BUILT_PRODUCTS_DIR; };
		A9C37B466CA7225E3A11A3A2 /* Pods-ACKit_Tests.release.xcconfig */ = {isa = PBXFileReference; includeInIndex = 1; lastKnownFileType = text.xcconfig; name = "Pods-ACKit_Tests.release.xcconfig"; path = "Pods/Target Support Files/Pods-ACKit_Tests/Pods-ACKit_Tests.release.xcconfig"; sourceTree = "<group>"; };
		C4065D6D2016EB7C009B651F /* MainViewController.swift */ = {isa = PBXFileReference; lastKnownFileType = sourcecode.swift; path = MainViewController.swift; sourceTree = "<group>"; };
		C4065D6F2016EB87009B651F /* SubMain1ViewController.swift */ = {isa = PBXFileReference; lastKnownFileType = sourcecode.swift; path = SubMain1ViewController.swift; sourceTree = "<group>"; };
		C4065D7F20184159009B651F /* CaseUnwindViewController1.swift */ = {isa = PBXFileReference; fileEncoding = 4; lastKnownFileType = sourcecode.swift; path = CaseUnwindViewController1.swift; sourceTree = "<group>"; };
		C4065D8020184159009B651F /* CaseUnwindViewController2.swift */ = {isa = PBXFileReference; fileEncoding = 4; lastKnownFileType = sourcecode.swift; path = CaseUnwindViewController2.swift; sourceTree = "<group>"; };
		C4065D8120184159009B651F /* CaseUnwind.storyboard */ = {isa = PBXFileReference; fileEncoding = 4; lastKnownFileType = file.storyboard; path = CaseUnwind.storyboard; sourceTree = "<group>"; };
		C4065D8320184159009B651F /* CaseEmbed.storyboard */ = {isa = PBXFileReference; fileEncoding = 4; lastKnownFileType = file.storyboard; path = CaseEmbed.storyboard; sourceTree = "<group>"; };
		C4065D8420184159009B651F /* CaseEmbedVCByCode.xib */ = {isa = PBXFileReference; fileEncoding = 4; lastKnownFileType = file.xib; path = CaseEmbedVCByCode.xib; sourceTree = "<group>"; };
		C4065D8520184159009B651F /* CaseEmbedVCByCode.swift */ = {isa = PBXFileReference; fileEncoding = 4; lastKnownFileType = sourcecode.swift; path = CaseEmbedVCByCode.swift; sourceTree = "<group>"; };
		C4065D8620184159009B651F /* CaseEmbedViewController.swift */ = {isa = PBXFileReference; fileEncoding = 4; lastKnownFileType = sourcecode.swift; path = CaseEmbedViewController.swift; sourceTree = "<group>"; };
		C4065D8720184159009B651F /* CaseEmbedSubVCByCode.swift */ = {isa = PBXFileReference; fileEncoding = 4; lastKnownFileType = sourcecode.swift; path = CaseEmbedSubVCByCode.swift; sourceTree = "<group>"; };
		C4065D8920184159009B651F /* CaseTransitions2.storyboard */ = {isa = PBXFileReference; fileEncoding = 4; lastKnownFileType = file.storyboard; path = CaseTransitions2.storyboard; sourceTree = "<group>"; };
		C4065D8A20184159009B651F /* SampleTransition2FromViewController.swift */ = {isa = PBXFileReference; fileEncoding = 4; lastKnownFileType = sourcecode.swift; path = SampleTransition2FromViewController.swift; sourceTree = "<group>"; };
		C4065D8B20184159009B651F /* SampleTransition2ToViewController.swift */ = {isa = PBXFileReference; fileEncoding = 4; lastKnownFileType = sourcecode.swift; path = SampleTransition2ToViewController.swift; sourceTree = "<group>"; };
		C4065D8D20184159009B651F /* CaseOrientation.storyboard */ = {isa = PBXFileReference; fileEncoding = 4; lastKnownFileType = file.storyboard; path = CaseOrientation.storyboard; sourceTree = "<group>"; };
		C4065D8E20184159009B651F /* CaseOrientationView1.swift */ = {isa = PBXFileReference; fileEncoding = 4; lastKnownFileType = sourcecode.swift; path = CaseOrientationView1.swift; sourceTree = "<group>"; };
		C4065D9020184159009B651F /* CaseTransitions.storyboard */ = {isa = PBXFileReference; fileEncoding = 4; lastKnownFileType = file.storyboard; path = CaseTransitions.storyboard; sourceTree = "<group>"; };
		C4065D9120184159009B651F /* SampleTransitionFromViewController.swift */ = {isa = PBXFileReference; fileEncoding = 4; lastKnownFileType = sourcecode.swift; path = SampleTransitionFromViewController.swift; sourceTree = "<group>"; };
		C4065D9320184159009B651F /* ACHorizontalTransitionManager.swift */ = {isa = PBXFileReference; fileEncoding = 4; lastKnownFileType = sourcecode.swift; path = ACHorizontalTransitionManager.swift; sourceTree = "<group>"; };
		C4065D9420184159009B651F /* ACHorizontalSlideInAnimator.swift */ = {isa = PBXFileReference; fileEncoding = 4; lastKnownFileType = sourcecode.swift; path = ACHorizontalSlideInAnimator.swift; sourceTree = "<group>"; };
		C4065D9520184159009B651F /* ACHorizontalSlideOutAnimator.swift */ = {isa = PBXFileReference; fileEncoding = 4; lastKnownFileType = sourcecode.swift; path = ACHorizontalSlideOutAnimator.swift; sourceTree = "<group>"; };
		C4065D9620184159009B651F /* ACHorizontalInteractiveTransition.swift */ = {isa = PBXFileReference; fileEncoding = 4; lastKnownFileType = sourcecode.swift; path = ACHorizontalInteractiveTransition.swift; sourceTree = "<group>"; };
		C4065D9720184159009B651F /* SampleTransitionToViewController.swift */ = {isa = PBXFileReference; fileEncoding = 4; lastKnownFileType = sourcecode.swift; path = SampleTransitionToViewController.swift; sourceTree = "<group>"; };
		C4065D9A20184159009B651F /* CaseSwizzleViewController.swift */ = {isa = PBXFileReference; fileEncoding = 4; lastKnownFileType = sourcecode.swift; path = CaseSwizzleViewController.swift; sourceTree = "<group>"; };
		C4065D9B20184159009B651F /* CaseSwizzleSegue.storyboard */ = {isa = PBXFileReference; fileEncoding = 4; lastKnownFileType = file.storyboard; path = CaseSwizzleSegue.storyboard; sourceTree = "<group>"; };
		C4065D9D20184159009B651F /* SampleNavFirstViewController.swift */ = {isa = PBXFileReference; fileEncoding = 4; lastKnownFileType = sourcecode.swift; path = SampleNavFirstViewController.swift; sourceTree = "<group>"; };
		C4065D9E20184159009B651F /* CaseNavigationController.storyboard */ = {isa = PBXFileReference; fileEncoding = 4; lastKnownFileType = file.storyboard; path = CaseNavigationController.storyboard; sourceTree = "<group>"; };
		C4065D9F20184159009B651F /* SampleNavMainViewController.swift */ = {isa = PBXFileReference; fileEncoding = 4; lastKnownFileType = sourcecode.swift; path = SampleNavMainViewController.swift; sourceTree = "<group>"; };
		C4065DA120184159009B651F /* UIImageView+Aldo.h */ = {isa = PBXFileReference; fileEncoding = 4; lastKnownFileType = sourcecode.c.h; path = "UIImageView+Aldo.h"; sourceTree = "<group>"; };
		C4065DA220184159009B651F /* CaseParallax.storyboard */ = {isa = PBXFileReference; fileEncoding = 4; lastKnownFileType = file.storyboard; path = CaseParallax.storyboard; sourceTree = "<group>"; };
		C4065DA320184159009B651F /* ACParallaxView.swift */ = {isa = PBXFileReference; fileEncoding = 4; lastKnownFileType = sourcecode.swift; path = ACParallaxView.swift; sourceTree = "<group>"; };
		C4065DA420184159009B651F /* KCParallaxView.m */ = {isa = PBXFileReference; fileEncoding = 4; lastKnownFileType = sourcecode.c.objc; path = KCParallaxView.m; sourceTree = "<group>"; };
		C4065DA520184159009B651F /* ACParallaxView.xib */ = {isa = PBXFileReference; fileEncoding = 4; lastKnownFileType = file.xib; path = ACParallaxView.xib; sourceTree = "<group>"; };
		C4065DA620184159009B651F /* KCParallaxView.h */ = {isa = PBXFileReference; fileEncoding = 4; lastKnownFileType = sourcecode.c.h; path = KCParallaxView.h; sourceTree = "<group>"; };
		C4065DA720184159009B651F /* CaseParallaxMainViewController.swift */ = {isa = PBXFileReference; fileEncoding = 4; lastKnownFileType = sourcecode.swift; path = CaseParallaxMainViewController.swift; sourceTree = "<group>"; };
		C4065DA820184159009B651F /* UIImageView+Aldo.m */ = {isa = PBXFileReference; fileEncoding = 4; lastKnownFileType = sourcecode.c.objc; path = "UIImageView+Aldo.m"; sourceTree = "<group>"; };
		C4065DAA20184159009B651F /* CaseStackview.storyboard */ = {isa = PBXFileReference; fileEncoding = 4; lastKnownFileType = file.storyboard; path = CaseStackview.storyboard; sourceTree = "<group>"; };
		C4065DAC20184159009B651F /* CaseWillMoveView.swift */ = {isa = PBXFileReference; fileEncoding = 4; lastKnownFileType = sourcecode.swift; path = CaseWillMoveView.swift; sourceTree = "<group>"; };
		C4065DAD20184159009B651F /* CaseUIViewWillMove.storyboard */ = {isa = PBXFileReference; fileEncoding = 4; lastKnownFileType = file.storyboard; path = CaseUIViewWillMove.storyboard; sourceTree = "<group>"; };
		C4065DAE20184159009B651F /* CaseUIViewWillMoveViewController2.swift */ = {isa = PBXFileReference; fileEncoding = 4; lastKnownFileType = sourcecode.swift; path = CaseUIViewWillMoveViewController2.swift; sourceTree = "<group>"; };
		C4065DAF20184159009B651F /* CaseUIViewWillMoveViewController1.swift */ = {isa = PBXFileReference; fileEncoding = 4; lastKnownFileType = sourcecode.swift; path = CaseUIViewWillMoveViewController1.swift; sourceTree = "<group>"; };
		C4065DB020184159009B651F /* CaseUIViewWillMoveMainViewController.swift */ = {isa = PBXFileReference; fileEncoding = 4; lastKnownFileType = sourcecode.swift; path = CaseUIViewWillMoveMainViewController.swift; sourceTree = "<group>"; };
		C4065DB220184159009B651F /* CaseBlurModalViewController.swift */ = {isa = PBXFileReference; fileEncoding = 4; lastKnownFileType = sourcecode.swift; path = CaseBlurModalViewController.swift; sourceTree = "<group>"; };
		C4065DB320184159009B651F /* CaseBlurModal.storyboard */ = {isa = PBXFileReference; fileEncoding = 4; lastKnownFileType = file.storyboard; path = CaseBlurModal.storyboard; sourceTree = "<group>"; };
		C4065DB420184159009B651F /* ACBlurInAnimator.swift */ = {isa = PBXFileReference; fileEncoding = 4; lastKnownFileType = sourcecode.swift; path = ACBlurInAnimator.swift; sourceTree = "<group>"; };
		C4065DB520184159009B651F /* CaseBlurModalMainViewController.swift */ = {isa = PBXFileReference; fileEncoding = 4; lastKnownFileType = sourcecode.swift; path = CaseBlurModalMainViewController.swift; sourceTree = "<group>"; };
		C4065DB620184159009B651F /* ACBlurOutAnimator.swift */ = {isa = PBXFileReference; fileEncoding = 4; lastKnownFileType = sourcecode.swift; path = ACBlurOutAnimator.swift; sourceTree = "<group>"; };
		C4065DB820184159009B651F /* CaseAutolayout.storyboard */ = {isa = PBXFileReference; fileEncoding = 4; lastKnownFileType = file.storyboard; path = CaseAutolayout.storyboard; sourceTree = "<group>"; };
		C4065DB920184159009B651F /* CaseAutolayoutMainViewController.swift */ = {isa = PBXFileReference; fileEncoding = 4; lastKnownFileType = sourcecode.swift; path = CaseAutolayoutMainViewController.swift; sourceTree = "<group>"; };
		C4065DBB20184159009B651F /* CaseUI.storyboard */ = {isa = PBXFileReference; fileEncoding = 4; lastKnownFileType = file.storyboard; path = CaseUI.storyboard; sourceTree = "<group>"; };
		C4065DBE20184159009B651F /* ElasticView.swift */ = {isa = PBXFileReference; fileEncoding = 4; lastKnownFileType = sourcecode.swift; path = ElasticView.swift; sourceTree = "<group>"; };
		C4065DBF20184159009B651F /* CaseElasticSampleView.xib */ = {isa = PBXFileReference; fileEncoding = 4; lastKnownFileType = file.xib; path = CaseElasticSampleView.xib; sourceTree = "<group>"; };
		C4065DC020184159009B651F /* CaseElasticViewController.swift */ = {isa = PBXFileReference; fileEncoding = 4; lastKnownFileType = sourcecode.swift; path = CaseElasticViewController.swift; sourceTree = "<group>"; };
		C4065DC120184159009B651F /* CaseElasticHeader.storyboard */ = {isa = PBXFileReference; fileEncoding = 4; lastKnownFileType = file.storyboard; path = CaseElasticHeader.storyboard; sourceTree = "<group>"; };
		C4065DC220184159009B651F /* CaseElasticSampleView.swift */ = {isa = PBXFileReference; fileEncoding = 4; lastKnownFileType = sourcecode.swift; path = CaseElasticSampleView.swift; sourceTree = "<group>"; };
		C4065DC320184159009B651F /* ElasticView.xib */ = {isa = PBXFileReference; fileEncoding = 4; lastKnownFileType = file.xib; path = ElasticView.xib; sourceTree = "<group>"; };
		C4065DC520184159009B651F /* TableHeaderViewController2.swift */ = {isa = PBXFileReference; fileEncoding = 4; lastKnownFileType = sourcecode.swift; path = TableHeaderViewController2.swift; sourceTree = "<group>"; };
		C4065DC720184159009B651F /* SampleHeaderView1.xib */ = {isa = PBXFileReference; fileEncoding = 4; lastKnownFileType = file.xib; path = SampleHeaderView1.xib; sourceTree = "<group>"; };
		C4065DC820184159009B651F /* SampleHeaderView2.xib */ = {isa = PBXFileReference; fileEncoding = 4; lastKnownFileType = file.xib; path = SampleHeaderView2.xib; sourceTree = "<group>"; };
		C4065DC920184159009B651F /* SampleHeaderView1.swift */ = {isa = PBXFileReference; fileEncoding = 4; lastKnownFileType = sourcecode.swift; path = SampleHeaderView1.swift; sourceTree = "<group>"; };
		C4065DCA20184159009B651F /* SampleHeaderView2.swift */ = {isa = PBXFileReference; fileEncoding = 4; lastKnownFileType = sourcecode.swift; path = SampleHeaderView2.swift; sourceTree = "<group>"; };
		C4065DCB20184159009B651F /* SampleTableViewCell2.xib */ = {isa = PBXFileReference; fileEncoding = 4; lastKnownFileType = file.xib; path = SampleTableViewCell2.xib; sourceTree = "<group>"; };
		C4065DCC20184159009B651F /* SampleTableViewCell1.xib */ = {isa = PBXFileReference; fileEncoding = 4; lastKnownFileType = file.xib; path = SampleTableViewCell1.xib; sourceTree = "<group>"; };
		C4065DCD20184159009B651F /* TableHeaderViewController1.swift */ = {isa = PBXFileReference; fileEncoding = 4; lastKnownFileType = sourcecode.swift; path = TableHeaderViewController1.swift; sourceTree = "<group>"; };
		C4065DCE20184159009B651F /* TableHeaderViewController3.swift */ = {isa = PBXFileReference; fileEncoding = 4; lastKnownFileType = sourcecode.swift; path = TableHeaderViewController3.swift; sourceTree = "<group>"; };
		C4065DCF20184159009B651F /* CaseTableCells.storyboard */ = {isa = PBXFileReference; fileEncoding = 4; lastKnownFileType = file.storyboard; path = CaseTableCells.storyboard; sourceTree = "<group>"; };
		C4065DD020184159009B651F /* SampleTableViewCell1.swift */ = {isa = PBXFileReference; fileEncoding = 4; lastKnownFileType = sourcecode.swift; path = SampleTableViewCell1.swift; sourceTree = "<group>"; };
		C4065DD120184159009B651F /* TableCellViewController.swift */ = {isa = PBXFileReference; fileEncoding = 4; lastKnownFileType = sourcecode.swift; path = TableCellViewController.swift; sourceTree = "<group>"; };
		C4065DD220184159009B651F /* SampleTableViewCell2.swift */ = {isa = PBXFileReference; fileEncoding = 4; lastKnownFileType = sourcecode.swift; path = SampleTableViewCell2.swift; sourceTree = "<group>"; };
		C4065DD420184159009B651F /* CaseCollections.storyboard */ = {isa = PBXFileReference; fileEncoding = 4; lastKnownFileType = file.storyboard; path = CaseCollections.storyboard; sourceTree = "<group>"; };
		C4065DD520184159009B651F /* CollectionViewController.swift */ = {isa = PBXFileReference; fileEncoding = 4; lastKnownFileType = sourcecode.swift; path = CollectionViewController.swift; sourceTree = "<group>"; };
		C4065DD720184159009B651F /* CaseScroll.storyboard */ = {isa = PBXFileReference; fileEncoding = 4; lastKnownFileType = file.storyboard; path = CaseScroll.storyboard; sourceTree = "<group>"; };
		C4065DD820184159009B651F /* CaseScrollViewController.swift */ = {isa = PBXFileReference; fileEncoding = 4; lastKnownFileType = sourcecode.swift; path = CaseScrollViewController.swift; sourceTree = "<group>"; };
		C406D4DB201FA1E500268161 /* CaseAccessbility.storyboard */ = {isa = PBXFileReference; lastKnownFileType = file.storyboard; path = CaseAccessbility.storyboard; sourceTree = "<group>"; };
		C406D4DD201FA4DA00268161 /* CaseAccessibilityViewController.swift */ = {isa = PBXFileReference; lastKnownFileType = sourcecode.swift; path = CaseAccessibilityViewController.swift; sourceTree = "<group>"; };
		C406D4DF201FB59A00268161 /* CaseAccessibilityView.swift */ = {isa = PBXFileReference; lastKnownFileType = sourcecode.swift; path = CaseAccessibilityView.swift; sourceTree = "<group>"; };
		C44CB74C1F53521100AF5FC9 /* ACKit_Example-Bridging-Header.h */ = {isa = PBXFileReference; lastKnownFileType = sourcecode.c.h; path = "ACKit_Example-Bridging-Header.h"; sourceTree = "<group>"; };
		C44CB74D1F53521100AF5FC9 /* AppDelegate.swift */ = {isa = PBXFileReference; fileEncoding = 4; lastKnownFileType = sourcecode.swift; path = AppDelegate.swift; sourceTree = "<group>"; };
		C44CB7501F53521100AF5FC9 /* Base */ = {isa = PBXFileReference; lastKnownFileType = file.xib; name = Base; path = LaunchScreen.xib; sourceTree = "<group>"; };
		C44CB7521F53521100AF5FC9 /* Base */ = {isa = PBXFileReference; lastKnownFileType = file.storyboard; name = Base; path = Main.storyboard; sourceTree = "<group>"; };
		C44CB7661F53521100AF5FC9 /* Images.xcassets */ = {isa = PBXFileReference; lastKnownFileType = folder.assetcatalog; path = Images.xcassets; sourceTree = "<group>"; };
		C44CB7671F53521100AF5FC9 /* Info.plist */ = {isa = PBXFileReference; fileEncoding = 4; lastKnownFileType = text.plist.xml; path = Info.plist; sourceTree = "<group>"; };
		C44CB7681F53521100AF5FC9 /* SubMain3ViewController.swift */ = {isa = PBXFileReference; fileEncoding = 4; lastKnownFileType = sourcecode.swift; path = SubMain3ViewController.swift; sourceTree = "<group>"; };
		C453BFD02020E74D00D6AD00 /* CaseCollectionCell.swift */ = {isa = PBXFileReference; lastKnownFileType = sourcecode.swift; path = CaseCollectionCell.swift; sourceTree = "<group>"; };
		C453BFD520223E8700D6AD00 /* CaseTableAutoHeight.storyboard */ = {isa = PBXFileReference; lastKnownFileType = file.storyboard; path = CaseTableAutoHeight.storyboard; sourceTree = "<group>"; };
		C453BFD720223F6C00D6AD00 /* CaseTableAutoHeightViewController.swift */ = {isa = PBXFileReference; lastKnownFileType = sourcecode.swift; path = CaseTableAutoHeightViewController.swift; sourceTree = "<group>"; };
		C453BFD92022405300D6AD00 /* CaseTableAutoHeightCell.swift */ = {isa = PBXFileReference; lastKnownFileType = sourcecode.swift; path = CaseTableAutoHeightCell.swift; sourceTree = "<group>"; };
		E6FB10FA44AD738F032FD834 /* Pods-ACKit_Example.release.xcconfig */ = {isa = PBXFileReference; includeInIndex = 1; lastKnownFileType = text.xcconfig; name = "Pods-ACKit_Example.release.xcconfig"; path = "Pods/Target Support Files/Pods-ACKit_Example/Pods-ACKit_Example.release.xcconfig"; sourceTree = "<group>"; };
/* End PBXFileReference section */

/* Begin PBXFrameworksBuildPhase section */
		607FACCD1AFB9204008FA782 /* Frameworks */ = {
			isa = PBXFrameworksBuildPhase;
			buildActionMask = 2147483647;
			files = (
				EEAF5AD6B36510AB6B8D439B /* Pods_ACKit_Example.framework in Frameworks */,
			);
			runOnlyForDeploymentPostprocessing = 0;
		};
		607FACE21AFB9204008FA782 /* Frameworks */ = {
			isa = PBXFrameworksBuildPhase;
			buildActionMask = 2147483647;
			files = (
				138C320C52179B393EB5DE5F /* Pods_ACKit_Tests.framework in Frameworks */,
			);
			runOnlyForDeploymentPostprocessing = 0;
		};
/* End PBXFrameworksBuildPhase section */

/* Begin PBXGroup section */
		192B0DBBEC4742A5FC63F78C /* Pods */ = {
			isa = PBXGroup;
			children = (
				0C7D67CE9ED861429AAFD5AA /* Pods-ACKit_Example.debug.xcconfig */,
				E6FB10FA44AD738F032FD834 /* Pods-ACKit_Example.release.xcconfig */,
				7F692D691A25E4130E657F62 /* Pods-ACKit_Tests.debug.xcconfig */,
				A9C37B466CA7225E3A11A3A2 /* Pods-ACKit_Tests.release.xcconfig */,
			);
			name = Pods;
			sourceTree = "<group>";
		};
		607FACC71AFB9204008FA782 = {
			isa = PBXGroup;
			children = (
				C40C2E011F36911100B04BA8 /* ACKitExample */,
				607FACF51AFB993E008FA782 /* Podspec Metadata */,
				607FACE81AFB9204008FA782 /* Tests */,
				607FACD11AFB9204008FA782 /* Products */,
				192B0DBBEC4742A5FC63F78C /* Pods */,
				A3B1C25EB58539E52B930C5A /* Frameworks */,
			);
			sourceTree = "<group>";
		};
		607FACD11AFB9204008FA782 /* Products */ = {
			isa = PBXGroup;
			children = (
				607FACD01AFB9204008FA782 /* ACKit_Example.app */,
				607FACE51AFB9204008FA782 /* ACKit_Tests.xctest */,
			);
			name = Products;
			sourceTree = "<group>";
		};
		607FACE81AFB9204008FA782 /* Tests */ = {
			isa = PBXGroup;
			children = (
				607FACEB1AFB9204008FA782 /* Tests.swift */,
				607FACE91AFB9204008FA782 /* Supporting Files */,
			);
			path = Tests;
			sourceTree = "<group>";
		};
		607FACE91AFB9204008FA782 /* Supporting Files */ = {
			isa = PBXGroup;
			children = (
				607FACEA1AFB9204008FA782 /* Info.plist */,
			);
			name = "Supporting Files";
			sourceTree = "<group>";
		};
		607FACF51AFB993E008FA782 /* Podspec Metadata */ = {
			isa = PBXGroup;
			children = (
				167B9F082CCFB279AA1FBA33 /* ACKit.podspec */,
				9473BBA84E5B146F7B4369C0 /* README.md */,
				11B9CFCE20D2155046E3279F /* LICENSE */,
			);
			name = "Podspec Metadata";
			sourceTree = "<group>";
		};
		A3B1C25EB58539E52B930C5A /* Frameworks */ = {
			isa = PBXGroup;
			children = (
				9CBBD66DCD4C4EC76608D242 /* Pods_ACKit_Example.framework */,
				28EDEB491C4267B8470A5F0F /* Pods_ACKit_Tests.framework */,
			);
			name = Frameworks;
			sourceTree = "<group>";
		};
		C4065D7D20184159009B651F /* Transitions */ = {
			isa = PBXGroup;
			children = (
				C4065D7E20184159009B651F /* CaseUnwind */,
				C4065D8220184159009B651F /* CaseEmbed */,
				C4065D8820184159009B651F /* CaseTransitions2 */,
				C4065D8C20184159009B651F /* CaseOrientation */,
				C4065D8F20184159009B651F /* CaseTransitions */,
				C4065D9920184159009B651F /* CaseSwizzleSegue */,
			);
			path = Transitions;
			sourceTree = "<group>";
		};
		C4065D7E20184159009B651F /* CaseUnwind */ = {
			isa = PBXGroup;
			children = (
				C4065D7F20184159009B651F /* CaseUnwindViewController1.swift */,
				C4065D8020184159009B651F /* CaseUnwindViewController2.swift */,
				C4065D8120184159009B651F /* CaseUnwind.storyboard */,
			);
			path = CaseUnwind;
			sourceTree = "<group>";
		};
		C4065D8220184159009B651F /* CaseEmbed */ = {
			isa = PBXGroup;
			children = (
				C4065D8320184159009B651F /* CaseEmbed.storyboard */,
				C4065D8420184159009B651F /* CaseEmbedVCByCode.xib */,
				C4065D8520184159009B651F /* CaseEmbedVCByCode.swift */,
				C4065D8620184159009B651F /* CaseEmbedViewController.swift */,
				C4065D8720184159009B651F /* CaseEmbedSubVCByCode.swift */,
			);
			path = CaseEmbed;
			sourceTree = "<group>";
		};
		C4065D8820184159009B651F /* CaseTransitions2 */ = {
			isa = PBXGroup;
			children = (
				C4065D8920184159009B651F /* CaseTransitions2.storyboard */,
				C4065D8A20184159009B651F /* SampleTransition2FromViewController.swift */,
				C4065D8B20184159009B651F /* SampleTransition2ToViewController.swift */,
			);
			path = CaseTransitions2;
			sourceTree = "<group>";
		};
		C4065D8C20184159009B651F /* CaseOrientation */ = {
			isa = PBXGroup;
			children = (
				C4065D8D20184159009B651F /* CaseOrientation.storyboard */,
				C4065D8E20184159009B651F /* CaseOrientationView1.swift */,
			);
			path = CaseOrientation;
			sourceTree = "<group>";
		};
		C4065D8F20184159009B651F /* CaseTransitions */ = {
			isa = PBXGroup;
			children = (
				C4065D9020184159009B651F /* CaseTransitions.storyboard */,
				C4065D9120184159009B651F /* SampleTransitionFromViewController.swift */,
				C4065D9220184159009B651F /* ProfilePageTransition */,
				C4065D9720184159009B651F /* SampleTransitionToViewController.swift */,
			);
			path = CaseTransitions;
			sourceTree = "<group>";
		};
		C4065D9220184159009B651F /* ProfilePageTransition */ = {
			isa = PBXGroup;
			children = (
				C4065D9320184159009B651F /* ACHorizontalTransitionManager.swift */,
				C4065D9420184159009B651F /* ACHorizontalSlideInAnimator.swift */,
				C4065D9520184159009B651F /* ACHorizontalSlideOutAnimator.swift */,
				C4065D9620184159009B651F /* ACHorizontalInteractiveTransition.swift */,
			);
			path = ProfilePageTransition;
			sourceTree = "<group>";
		};
		C4065D9820184159009B651F /* Misc */ = {
			isa = PBXGroup;
			children = (
				C4065D9C20184159009B651F /* CaseComplexHierachy */,
				C4065DA920184159009B651F /* CaseStackview */,
				C4065DAB20184159009B651F /* CaseUIViewWillMove */,
				C4065DB120184159009B651F /* CaseBlurModal */,
				C4065DB720184159009B651F /* CaseAutolayout */,
				C4065DBA20184159009B651F /* CaseUI */,
				C406D4DA201FA1BD00268161 /* CaseAccessibility */,
			);
			path = Misc;
			sourceTree = "<group>";
		};
		C4065D9920184159009B651F /* CaseSwizzleSegue */ = {
			isa = PBXGroup;
			children = (
				C4065D9A20184159009B651F /* CaseSwizzleViewController.swift */,
				C4065D9B20184159009B651F /* CaseSwizzleSegue.storyboard */,
			);
			path = CaseSwizzleSegue;
			sourceTree = "<group>";
		};
		C4065D9C20184159009B651F /* CaseComplexHierachy */ = {
			isa = PBXGroup;
			children = (
				C4065D9D20184159009B651F /* SampleNavFirstViewController.swift */,
				C4065D9E20184159009B651F /* CaseNavigationController.storyboard */,
				C4065D9F20184159009B651F /* SampleNavMainViewController.swift */,
			);
			path = CaseComplexHierachy;
			sourceTree = "<group>";
		};
		C4065DA020184159009B651F /* CaseParallax */ = {
			isa = PBXGroup;
			children = (
				C4065DA120184159009B651F /* UIImageView+Aldo.h */,
				C4065DA220184159009B651F /* CaseParallax.storyboard */,
				C4065DA320184159009B651F /* ACParallaxView.swift */,
				C4065DA420184159009B651F /* KCParallaxView.m */,
				C4065DA520184159009B651F /* ACParallaxView.xib */,
				C4065DA620184159009B651F /* KCParallaxView.h */,
				C4065DA720184159009B651F /* CaseParallaxMainViewController.swift */,
				C4065DA820184159009B651F /* UIImageView+Aldo.m */,
			);
			path = CaseParallax;
			sourceTree = "<group>";
		};
		C4065DA920184159009B651F /* CaseStackview */ = {
			isa = PBXGroup;
			children = (
				C4065DAA20184159009B651F /* CaseStackview.storyboard */,
			);
			path = CaseStackview;
			sourceTree = "<group>";
		};
		C4065DAB20184159009B651F /* CaseUIViewWillMove */ = {
			isa = PBXGroup;
			children = (
				C4065DAC20184159009B651F /* CaseWillMoveView.swift */,
				C4065DAD20184159009B651F /* CaseUIViewWillMove.storyboard */,
				C4065DAE20184159009B651F /* CaseUIViewWillMoveViewController2.swift */,
				C4065DAF20184159009B651F /* CaseUIViewWillMoveViewController1.swift */,
				C4065DB020184159009B651F /* CaseUIViewWillMoveMainViewController.swift */,
			);
			path = CaseUIViewWillMove;
			sourceTree = "<group>";
		};
		C4065DB120184159009B651F /* CaseBlurModal */ = {
			isa = PBXGroup;
			children = (
				C4065DB220184159009B651F /* CaseBlurModalViewController.swift */,
				C4065DB320184159009B651F /* CaseBlurModal.storyboard */,
				C4065DB420184159009B651F /* ACBlurInAnimator.swift */,
				C4065DB520184159009B651F /* CaseBlurModalMainViewController.swift */,
				C4065DB620184159009B651F /* ACBlurOutAnimator.swift */,
			);
			path = CaseBlurModal;
			sourceTree = "<group>";
		};
		C4065DB720184159009B651F /* CaseAutolayout */ = {
			isa = PBXGroup;
			children = (
				C4065DB820184159009B651F /* CaseAutolayout.storyboard */,
				C4065DB920184159009B651F /* CaseAutolayoutMainViewController.swift */,
			);
			path = CaseAutolayout;
			sourceTree = "<group>";
		};
		C4065DBA20184159009B651F /* CaseUI */ = {
			isa = PBXGroup;
			children = (
				C4065DBB20184159009B651F /* CaseUI.storyboard */,
			);
			path = CaseUI;
			sourceTree = "<group>";
		};
		C4065DBC20184159009B651F /* ScrollViewBased */ = {
			isa = PBXGroup;
			children = (
				C453BFD420223E6F00D6AD00 /* CaseTableAutoHeight */,
				C4065DA020184159009B651F /* CaseParallax */,
				C4065DBD20184159009B651F /* CaseElasticHeader */,
				C4065DC420184159009B651F /* CaseTableCells */,
				C4065DD320184159009B651F /* CaseCollections */,
				C4065DD620184159009B651F /* CaseScroll */,
			);
			path = ScrollViewBased;
			sourceTree = "<group>";
		};
		C4065DBD20184159009B651F /* CaseElasticHeader */ = {
			isa = PBXGroup;
			children = (
				C4065DBE20184159009B651F /* ElasticView.swift */,
				C4065DBF20184159009B651F /* CaseElasticSampleView.xib */,
				C4065DC020184159009B651F /* CaseElasticViewController.swift */,
				C4065DC120184159009B651F /* CaseElasticHeader.storyboard */,
				C4065DC220184159009B651F /* CaseElasticSampleView.swift */,
				C4065DC320184159009B651F /* ElasticView.xib */,
			);
			path = CaseElasticHeader;
			sourceTree = "<group>";
		};
		C4065DC420184159009B651F /* CaseTableCells */ = {
			isa = PBXGroup;
			children = (
				C4065DC520184159009B651F /* TableHeaderViewController2.swift */,
				C4065DC620184159009B651F /* Misc */,
				C4065DCB20184159009B651F /* SampleTableViewCell2.xib */,
				C4065DCC20184159009B651F /* SampleTableViewCell1.xib */,
				C4065DCD20184159009B651F /* TableHeaderViewController1.swift */,
				C4065DCE20184159009B651F /* TableHeaderViewController3.swift */,
				C4065DCF20184159009B651F /* CaseTableCells.storyboard */,
				C4065DD020184159009B651F /* SampleTableViewCell1.swift */,
				C4065DD220184159009B651F /* SampleTableViewCell2.swift */,
				C4065DD120184159009B651F /* TableCellViewController.swift */,
			);
			path = CaseTableCells;
			sourceTree = "<group>";
		};
		C4065DC620184159009B651F /* Misc */ = {
			isa = PBXGroup;
			children = (
				C4065DC920184159009B651F /* SampleHeaderView1.swift */,
				C4065DC720184159009B651F /* SampleHeaderView1.xib */,
				C4065DCA20184159009B651F /* SampleHeaderView2.swift */,
				C4065DC820184159009B651F /* SampleHeaderView2.xib */,
			);
			path = Misc;
			sourceTree = "<group>";
		};
		C4065DD320184159009B651F /* CaseCollections */ = {
			isa = PBXGroup;
			children = (
				C453BFD02020E74D00D6AD00 /* CaseCollectionCell.swift */,
				C4065DD420184159009B651F /* CaseCollections.storyboard */,
				C4065DD520184159009B651F /* CollectionViewController.swift */,
			);
			path = CaseCollections;
			sourceTree = "<group>";
		};
		C4065DD620184159009B651F /* CaseScroll */ = {
			isa = PBXGroup;
			children = (
				C4065DD720184159009B651F /* CaseScroll.storyboard */,
				C4065DD820184159009B651F /* CaseScrollViewController.swift */,
			);
			path = CaseScroll;
			sourceTree = "<group>";
		};
		C406D4DA201FA1BD00268161 /* CaseAccessibility */ = {
			isa = PBXGroup;
			children = (
				C406D4DB201FA1E500268161 /* CaseAccessbility.storyboard */,
				C406D4DD201FA4DA00268161 /* CaseAccessibilityViewController.swift */,
				C406D4DF201FB59A00268161 /* CaseAccessibilityView.swift */,
			);
			path = CaseAccessibility;
			sourceTree = "<group>";
		};
		C40C2E011F36911100B04BA8 /* ACKitExample */ = {
			isa = PBXGroup;
			children = (
				C44CB74D1F53521100AF5FC9 /* AppDelegate.swift */,
				C4065D6D2016EB7C009B651F /* MainViewController.swift */,
				C4065D6F2016EB87009B651F /* SubMain1ViewController.swift */,
				C44CB7681F53521100AF5FC9 /* SubMain3ViewController.swift */,
				C4065D7D20184159009B651F /* Transitions */,
				C4065D9820184159009B651F /* Misc */,
				C4065DBC20184159009B651F /* ScrollViewBased */,
				C44CB74E1F53521100AF5FC9 /* Base.lproj */,
				C44CB7661F53521100AF5FC9 /* Images.xcassets */,
				C44CB7671F53521100AF5FC9 /* Info.plist */,
				C44CB74C1F53521100AF5FC9 /* ACKit_Example-Bridging-Header.h */,
			);
			path = ACKitExample;
			sourceTree = "<group>";
		};
		C44CB74E1F53521100AF5FC9 /* Base.lproj */ = {
			isa = PBXGroup;
			children = (
				C44CB74F1F53521100AF5FC9 /* LaunchScreen.xib */,
				C44CB7511F53521100AF5FC9 /* Main.storyboard */,
			);
			path = Base.lproj;
			sourceTree = "<group>";
		};
		C453BFD420223E6F00D6AD00 /* CaseTableAutoHeight */ = {
			isa = PBXGroup;
			children = (
				C453BFD520223E8700D6AD00 /* CaseTableAutoHeight.storyboard */,
				C453BFD720223F6C00D6AD00 /* CaseTableAutoHeightViewController.swift */,
				C453BFD92022405300D6AD00 /* CaseTableAutoHeightCell.swift */,
			);
			path = CaseTableAutoHeight;
			sourceTree = "<group>";
		};
/* End PBXGroup section */

/* Begin PBXNativeTarget section */
		607FACCF1AFB9204008FA782 /* ACKit_Example */ = {
			isa = PBXNativeTarget;
			buildConfigurationList = 607FACEF1AFB9204008FA782 /* Build configuration list for PBXNativeTarget "ACKit_Example" */;
			buildPhases = (
				A64D48DD8D7A3917FB5E6AD2 /* [CP] Check Pods Manifest.lock */,
				607FACCC1AFB9204008FA782 /* Sources */,
				607FACCD1AFB9204008FA782 /* Frameworks */,
				607FACCE1AFB9204008FA782 /* Resources */,
				C484FE0E1FC4B5F5000E22D8 /* Auto-Increment Build Number */,
				03E7691B2F9EE605D665B5E5 /* [CP] Embed Pods Frameworks */,
				04F9DCEF76EB2E23E5D7DECC /* [CP] Copy Pods Resources */,
			);
			buildRules = (
			);
			dependencies = (
			);
			name = ACKit_Example;
			productName = ACKit;
			productReference = 607FACD01AFB9204008FA782 /* ACKit_Example.app */;
			productType = "com.apple.product-type.application";
		};
		607FACE41AFB9204008FA782 /* ACKit_Tests */ = {
			isa = PBXNativeTarget;
			buildConfigurationList = 607FACF21AFB9204008FA782 /* Build configuration list for PBXNativeTarget "ACKit_Tests" */;
			buildPhases = (
				7FCFC1BDE6CCDF51BDF0FD47 /* [CP] Check Pods Manifest.lock */,
				607FACE11AFB9204008FA782 /* Sources */,
				607FACE21AFB9204008FA782 /* Frameworks */,
				607FACE31AFB9204008FA782 /* Resources */,
				620CC2E762E0D03D850D11A7 /* [CP] Embed Pods Frameworks */,
				CEFF225C9117132366491246 /* [CP] Copy Pods Resources */,
			);
			buildRules = (
			);
			dependencies = (
				607FACE71AFB9204008FA782 /* PBXTargetDependency */,
			);
			name = ACKit_Tests;
			productName = Tests;
			productReference = 607FACE51AFB9204008FA782 /* ACKit_Tests.xctest */;
			productType = "com.apple.product-type.bundle.unit-test";
		};
/* End PBXNativeTarget section */

/* Begin PBXProject section */
		607FACC81AFB9204008FA782 /* Project object */ = {
			isa = PBXProject;
			attributes = {
				LastSwiftUpdateCheck = 0720;
				LastUpgradeCheck = 0820;
				ORGANIZATIONNAME = CocoaPods;
				TargetAttributes = {
					607FACCF1AFB9204008FA782 = {
						CreatedOnToolsVersion = 6.3.1;
						DevelopmentTeam = JF6RD64R9G;
						LastSwiftMigration = 0830;
					};
					607FACE41AFB9204008FA782 = {
						CreatedOnToolsVersion = 6.3.1;
						LastSwiftMigration = 0820;
						TestTargetID = 607FACCF1AFB9204008FA782;
					};
				};
			};
			buildConfigurationList = 607FACCB1AFB9204008FA782 /* Build configuration list for PBXProject "ACKit" */;
			compatibilityVersion = "Xcode 3.2";
			developmentRegion = English;
			hasScannedForEncodings = 0;
			knownRegions = (
				en,
				Base,
			);
			mainGroup = 607FACC71AFB9204008FA782;
			productRefGroup = 607FACD11AFB9204008FA782 /* Products */;
			projectDirPath = "";
			projectRoot = "";
			targets = (
				607FACCF1AFB9204008FA782 /* ACKit_Example */,
				607FACE41AFB9204008FA782 /* ACKit_Tests */,
			);
		};
/* End PBXProject section */

/* Begin PBXResourcesBuildPhase section */
		607FACCE1AFB9204008FA782 /* Resources */ = {
			isa = PBXResourcesBuildPhase;
			buildActionMask = 2147483647;
			files = (
				C4065E192018415A009B651F /* CaseCollections.storyboard in Resources */,
				C4065DDD20184159009B651F /* CaseEmbedVCByCode.xib in Resources */,
				C4065E152018415A009B651F /* CaseTableCells.storyboard in Resources */,
				C4065E032018415A009B651F /* CaseAutolayout.storyboard in Resources */,
				C4065DDB20184159009B651F /* CaseUnwind.storyboard in Resources */,
				C4065DFF2018415A009B651F /* CaseBlurModal.storyboard in Resources */,
				C44CB77B1F53521100AF5FC9 /* Images.xcassets in Resources */,
				C4065DF520184159009B651F /* ACParallaxView.xib in Resources */,
				C4065DDC20184159009B651F /* CaseEmbed.storyboard in Resources */,
				C4065DF220184159009B651F /* CaseParallax.storyboard in Resources */,
				C4065E0D2018415A009B651F /* SampleHeaderView1.xib in Resources */,
				C4065E1B2018415A009B651F /* CaseScroll.storyboard in Resources */,
				C4065E072018415A009B651F /* CaseElasticSampleView.xib in Resources */,
				C4065DE420184159009B651F /* CaseOrientation.storyboard in Resources */,
				C4065E0B2018415A009B651F /* ElasticView.xib in Resources */,
				C4065DEE20184159009B651F /* CaseSwizzleSegue.storyboard in Resources */,
				C4065E122018415A009B651F /* SampleTableViewCell1.xib in Resources */,
				C4065DFA2018415A009B651F /* CaseUIViewWillMove.storyboard in Resources */,
				C4065E052018415A009B651F /* CaseUI.storyboard in Resources */,
				C44CB77C1F53521100AF5FC9 /* Info.plist in Resources */,
				C4065E092018415A009B651F /* CaseElasticHeader.storyboard in Resources */,
				C44CB76A1F53521100AF5FC9 /* LaunchScreen.xib in Resources */,
				C4065DE120184159009B651F /* CaseTransitions2.storyboard in Resources */,
				C406D4DC201FA1E500268161 /* CaseAccessbility.storyboard in Resources */,
				C44CB76B1F53521100AF5FC9 /* Main.storyboard in Resources */,
				C4065DF820184159009B651F /* CaseStackview.storyboard in Resources */,
				C4065DF020184159009B651F /* CaseNavigationController.storyboard in Resources */,
				C4065E112018415A009B651F /* SampleTableViewCell2.xib in Resources */,
				C4065E0E2018415A009B651F /* SampleHeaderView2.xib in Resources */,
				C453BFD620223E8700D6AD00 /* CaseTableAutoHeight.storyboard in Resources */,
				C4065DE620184159009B651F /* CaseTransitions.storyboard in Resources */,
			);
			runOnlyForDeploymentPostprocessing = 0;
		};
		607FACE31AFB9204008FA782 /* Resources */ = {
			isa = PBXResourcesBuildPhase;
			buildActionMask = 2147483647;
			files = (
			);
			runOnlyForDeploymentPostprocessing = 0;
		};
/* End PBXResourcesBuildPhase section */

/* Begin PBXShellScriptBuildPhase section */
		03E7691B2F9EE605D665B5E5 /* [CP] Embed Pods Frameworks */ = {
			isa = PBXShellScriptBuildPhase;
			buildActionMask = 2147483647;
			files = (
			);
			inputPaths = (
				"${SRCROOT}/Pods/Target Support Files/Pods-ACKit_Example/Pods-ACKit_Example-frameworks.sh",
				"${BUILT_PRODUCTS_DIR}/ACKit/ACKit.framework",
			);
			name = "[CP] Embed Pods Frameworks";
			outputPaths = (
				"${TARGET_BUILD_DIR}/${FRAMEWORKS_FOLDER_PATH}/ACKit.framework",
			);
			runOnlyForDeploymentPostprocessing = 0;
			shellPath = /bin/sh;
			shellScript = "\"${SRCROOT}/Pods/Target Support Files/Pods-ACKit_Example/Pods-ACKit_Example-frameworks.sh\"\n";
			showEnvVarsInLog = 0;
		};
		04F9DCEF76EB2E23E5D7DECC /* [CP] Copy Pods Resources */ = {
			isa = PBXShellScriptBuildPhase;
			buildActionMask = 2147483647;
			files = (
			);
			inputPaths = (
			);
			name = "[CP] Copy Pods Resources";
			outputPaths = (
			);
			runOnlyForDeploymentPostprocessing = 0;
			shellPath = /bin/sh;
			shellScript = "\"${SRCROOT}/Pods/Target Support Files/Pods-ACKit_Example/Pods-ACKit_Example-resources.sh\"\n";
			showEnvVarsInLog = 0;
		};
		620CC2E762E0D03D850D11A7 /* [CP] Embed Pods Frameworks */ = {
			isa = PBXShellScriptBuildPhase;
			buildActionMask = 2147483647;
			files = (
			);
			inputPaths = (
			);
			name = "[CP] Embed Pods Frameworks";
			outputPaths = (
			);
			runOnlyForDeploymentPostprocessing = 0;
			shellPath = /bin/sh;
			shellScript = "\"${SRCROOT}/Pods/Target Support Files/Pods-ACKit_Tests/Pods-ACKit_Tests-frameworks.sh\"\n";
			showEnvVarsInLog = 0;
		};
		7FCFC1BDE6CCDF51BDF0FD47 /* [CP] Check Pods Manifest.lock */ = {
			isa = PBXShellScriptBuildPhase;
			buildActionMask = 2147483647;
			files = (
			);
			inputPaths = (
				"${PODS_PODFILE_DIR_PATH}/Podfile.lock",
				"${PODS_ROOT}/Manifest.lock",
			);
			name = "[CP] Check Pods Manifest.lock";
			outputPaths = (
				"$(DERIVED_FILE_DIR)/Pods-ACKit_Tests-checkManifestLockResult.txt",
			);
			runOnlyForDeploymentPostprocessing = 0;
			shellPath = /bin/sh;
			shellScript = "diff \"${PODS_PODFILE_DIR_PATH}/Podfile.lock\" \"${PODS_ROOT}/Manifest.lock\" > /dev/null\nif [ $? != 0 ] ; then\n    # print error to STDERR\n    echo \"error: The sandbox is not in sync with the Podfile.lock. Run 'pod install' or update your CocoaPods installation.\" >&2\n    exit 1\nfi\n# This output is used by Xcode 'outputs' to avoid re-running this script phase.\necho \"SUCCESS\" > \"${SCRIPT_OUTPUT_FILE_0}\"\n";
			showEnvVarsInLog = 0;
		};
		A64D48DD8D7A3917FB5E6AD2 /* [CP] Check Pods Manifest.lock */ = {
			isa = PBXShellScriptBuildPhase;
			buildActionMask = 2147483647;
			files = (
			);
			inputPaths = (
				"${PODS_PODFILE_DIR_PATH}/Podfile.lock",
				"${PODS_ROOT}/Manifest.lock",
			);
			name = "[CP] Check Pods Manifest.lock";
			outputPaths = (
				"$(DERIVED_FILE_DIR)/Pods-ACKit_Example-checkManifestLockResult.txt",
			);
			runOnlyForDeploymentPostprocessing = 0;
			shellPath = /bin/sh;
			shellScript = "diff \"${PODS_PODFILE_DIR_PATH}/Podfile.lock\" \"${PODS_ROOT}/Manifest.lock\" > /dev/null\nif [ $? != 0 ] ; then\n    # print error to STDERR\n    echo \"error: The sandbox is not in sync with the Podfile.lock. Run 'pod install' or update your CocoaPods installation.\" >&2\n    exit 1\nfi\n# This output is used by Xcode 'outputs' to avoid re-running this script phase.\necho \"SUCCESS\" > \"${SCRIPT_OUTPUT_FILE_0}\"\n";
			showEnvVarsInLog = 0;
		};
		C484FE0E1FC4B5F5000E22D8 /* Auto-Increment Build Number */ = {
			isa = PBXShellScriptBuildPhase;
			buildActionMask = 2147483647;
			files = (
			);
			inputPaths = (
			);
			name = "Auto-Increment Build Number";
			outputPaths = (
			);
			runOnlyForDeploymentPostprocessing = 0;
			shellPath = /bin/sh;
			shellScript = "buildNumber=$(/usr/libexec/PlistBuddy -c \"Print CFBundleVersion\" \"${PROJECT_DIR}/${INFOPLIST_FILE}\")\nbuildNumber=$(($buildNumber + 1))\n/usr/libexec/PlistBuddy -c \"Set :CFBundleVersion $buildNumber\" \"${PROJECT_DIR}/${INFOPLIST_FILE}\"";
		};
		CEFF225C9117132366491246 /* [CP] Copy Pods Resources */ = {
			isa = PBXShellScriptBuildPhase;
			buildActionMask = 2147483647;
			files = (
			);
			inputPaths = (
			);
			name = "[CP] Copy Pods Resources";
			outputPaths = (
			);
			runOnlyForDeploymentPostprocessing = 0;
			shellPath = /bin/sh;
			shellScript = "\"${SRCROOT}/Pods/Target Support Files/Pods-ACKit_Tests/Pods-ACKit_Tests-resources.sh\"\n";
			showEnvVarsInLog = 0;
		};
/* End PBXShellScriptBuildPhase section */

/* Begin PBXSourcesBuildPhase section */
		607FACCC1AFB9204008FA782 /* Sources */ = {
			isa = PBXSourcesBuildPhase;
			buildActionMask = 2147483647;
			files = (
				C4065E1A2018415A009B651F /* CollectionViewController.swift in Sources */,
				C4065E022018415A009B651F /* ACBlurOutAnimator.swift in Sources */,
				C4065DDF20184159009B651F /* CaseEmbedViewController.swift in Sources */,
				C4065DE920184159009B651F /* ACHorizontalSlideInAnimator.swift in Sources */,
				C4065E012018415A009B651F /* CaseBlurModalMainViewController.swift in Sources */,
				C4065E142018415A009B651F /* TableHeaderViewController3.swift in Sources */,
				C453BFDA2022405300D6AD00 /* CaseTableAutoHeightCell.swift in Sources */,
				C4065DFC2018415A009B651F /* CaseUIViewWillMoveViewController1.swift in Sources */,
				C406D4E0201FB59A00268161 /* CaseAccessibilityView.swift in Sources */,
				C4065DEB20184159009B651F /* ACHorizontalInteractiveTransition.swift in Sources */,
				C4065E1C2018415A009B651F /* CaseScrollViewController.swift in Sources */,
				C4065DF120184159009B651F /* SampleNavMainViewController.swift in Sources */,
				C4065E002018415A009B651F /* ACBlurInAnimator.swift in Sources */,
				C4065DE520184159009B651F /* CaseOrientationView1.swift in Sources */,
				C4065DD920184159009B651F /* CaseUnwindViewController1.swift in Sources */,
				C4065DE220184159009B651F /* SampleTransition2FromViewController.swift in Sources */,
				C4065DE320184159009B651F /* SampleTransition2ToViewController.swift in Sources */,
				C4065D6E2016EB7D009B651F /* MainViewController.swift in Sources */,
				C453BFD820223F6C00D6AD00 /* CaseTableAutoHeightViewController.swift in Sources */,
				C4065DFD2018415A009B651F /* CaseUIViewWillMoveMainViewController.swift in Sources */,
				C4065E0A2018415A009B651F /* CaseElasticSampleView.swift in Sources */,
				C4065E182018415A009B651F /* SampleTableViewCell2.swift in Sources */,
				C406D4DE201FA4DA00268161 /* CaseAccessibilityViewController.swift in Sources */,
				C4065E042018415A009B651F /* CaseAutolayoutMainViewController.swift in Sources */,
				C4065E0F2018415A009B651F /* SampleHeaderView1.swift in Sources */,
				C4065E0C2018415A009B651F /* TableHeaderViewController2.swift in Sources */,
				C4065E162018415A009B651F /* SampleTableViewCell1.swift in Sources */,
				C44CB7691F53521100AF5FC9 /* AppDelegate.swift in Sources */,
				C4065DED20184159009B651F /* CaseSwizzleViewController.swift in Sources */,
				C4065E062018415A009B651F /* ElasticView.swift in Sources */,
				C4065DE720184159009B651F /* SampleTransitionFromViewController.swift in Sources */,
				C4065DF620184159009B651F /* CaseParallaxMainViewController.swift in Sources */,
				C4065DF920184159009B651F /* CaseWillMoveView.swift in Sources */,
				C4065DEF20184159009B651F /* SampleNavFirstViewController.swift in Sources */,
				C4065E172018415A009B651F /* TableCellViewController.swift in Sources */,
				C4065DF420184159009B651F /* KCParallaxView.m in Sources */,
				C4065DE820184159009B651F /* ACHorizontalTransitionManager.swift in Sources */,
				C44CB77D1F53521100AF5FC9 /* SubMain3ViewController.swift in Sources */,
				C4065DEC20184159009B651F /* SampleTransitionToViewController.swift in Sources */,
				C4065DEA20184159009B651F /* ACHorizontalSlideOutAnimator.swift in Sources */,
				C4065DDA20184159009B651F /* CaseUnwindViewController2.swift in Sources */,
				C4065DFE2018415A009B651F /* CaseBlurModalViewController.swift in Sources */,
				C4065D702016EB87009B651F /* SubMain1ViewController.swift in Sources */,
				C4065E082018415A009B651F /* CaseElasticViewController.swift in Sources */,
				C4065E102018415A009B651F /* SampleHeaderView2.swift in Sources */,
				C4065E132018415A009B651F /* TableHeaderViewController1.swift in Sources */,
				C4065DE020184159009B651F /* CaseEmbedSubVCByCode.swift in Sources */,
				C4065DDE20184159009B651F /* CaseEmbedVCByCode.swift in Sources */,
				C4065DF320184159009B651F /* ACParallaxView.swift in Sources */,
				C4065DFB2018415A009B651F /* CaseUIViewWillMoveViewController2.swift in Sources */,
				C4065DF720184159009B651F /* UIImageView+Aldo.m in Sources */,
				C453BFD12020E74D00D6AD00 /* CaseCollectionCell.swift in Sources */,
			);
			runOnlyForDeploymentPostprocessing = 0;
		};
		607FACE11AFB9204008FA782 /* Sources */ = {
			isa = PBXSourcesBuildPhase;
			buildActionMask = 2147483647;
			files = (
				607FACEC1AFB9204008FA782 /* Tests.swift in Sources */,
			);
			runOnlyForDeploymentPostprocessing = 0;
		};
/* End PBXSourcesBuildPhase section */

/* Begin PBXTargetDependency section */
		607FACE71AFB9204008FA782 /* PBXTargetDependency */ = {
			isa = PBXTargetDependency;
			target = 607FACCF1AFB9204008FA782 /* ACKit_Example */;
			targetProxy = 607FACE61AFB9204008FA782 /* PBXContainerItemProxy */;
		};
/* End PBXTargetDependency section */

/* Begin PBXVariantGroup section */
		C44CB74F1F53521100AF5FC9 /* LaunchScreen.xib */ = {
			isa = PBXVariantGroup;
			children = (
				C44CB7501F53521100AF5FC9 /* Base */,
			);
			name = LaunchScreen.xib;
			sourceTree = "<group>";
		};
		C44CB7511F53521100AF5FC9 /* Main.storyboard */ = {
			isa = PBXVariantGroup;
			children = (
				C44CB7521F53521100AF5FC9 /* Base */,
			);
			name = Main.storyboard;
			sourceTree = "<group>";
		};
/* End PBXVariantGroup section */

/* Begin XCBuildConfiguration section */
		607FACED1AFB9204008FA782 /* Debug */ = {
			isa = XCBuildConfiguration;
			buildSettings = {
				ALWAYS_SEARCH_USER_PATHS = NO;
				CLANG_CXX_LANGUAGE_STANDARD = "gnu++0x";
				CLANG_CXX_LIBRARY = "libc++";
				CLANG_ENABLE_MODULES = YES;
				CLANG_ENABLE_OBJC_ARC = YES;
				CLANG_WARN_BOOL_CONVERSION = YES;
				CLANG_WARN_CONSTANT_CONVERSION = YES;
				CLANG_WARN_DIRECT_OBJC_ISA_USAGE = YES_ERROR;
				CLANG_WARN_EMPTY_BODY = YES;
				CLANG_WARN_ENUM_CONVERSION = YES;
				CLANG_WARN_INFINITE_RECURSION = YES;
				CLANG_WARN_INT_CONVERSION = YES;
				CLANG_WARN_OBJC_ROOT_CLASS = YES_ERROR;
				CLANG_WARN_SUSPICIOUS_MOVE = YES;
				CLANG_WARN_UNREACHABLE_CODE = YES;
				CLANG_WARN__DUPLICATE_METHOD_MATCH = YES;
				"CODE_SIGN_IDENTITY[sdk=iphoneos*]" = "iPhone Developer";
				COPY_PHASE_STRIP = NO;
				DEBUG_INFORMATION_FORMAT = "dwarf-with-dsym";
				ENABLE_STRICT_OBJC_MSGSEND = YES;
				ENABLE_TESTABILITY = YES;
				GCC_C_LANGUAGE_STANDARD = gnu99;
				GCC_DYNAMIC_NO_PIC = NO;
				GCC_NO_COMMON_BLOCKS = YES;
				GCC_OPTIMIZATION_LEVEL = 0;
				GCC_PREPROCESSOR_DEFINITIONS = (
					"DEBUG=1",
					"$(inherited)",
				);
				GCC_SYMBOLS_PRIVATE_EXTERN = NO;
				GCC_WARN_64_TO_32_BIT_CONVERSION = YES;
				GCC_WARN_ABOUT_RETURN_TYPE = YES_ERROR;
				GCC_WARN_UNDECLARED_SELECTOR = YES;
				GCC_WARN_UNINITIALIZED_AUTOS = YES_AGGRESSIVE;
				GCC_WARN_UNUSED_FUNCTION = YES;
				GCC_WARN_UNUSED_VARIABLE = YES;
				IPHONEOS_DEPLOYMENT_TARGET = 9.0;
				MTL_ENABLE_DEBUG_INFO = YES;
				ONLY_ACTIVE_ARCH = YES;
				SDKROOT = iphoneos;
				SWIFT_OPTIMIZATION_LEVEL = "-Onone";
			};
			name = Debug;
		};
		607FACEE1AFB9204008FA782 /* Release */ = {
			isa = XCBuildConfiguration;
			buildSettings = {
				ALWAYS_SEARCH_USER_PATHS = NO;
				CLANG_CXX_LANGUAGE_STANDARD = "gnu++0x";
				CLANG_CXX_LIBRARY = "libc++";
				CLANG_ENABLE_MODULES = YES;
				CLANG_ENABLE_OBJC_ARC = YES;
				CLANG_WARN_BOOL_CONVERSION = YES;
				CLANG_WARN_CONSTANT_CONVERSION = YES;
				CLANG_WARN_DIRECT_OBJC_ISA_USAGE = YES_ERROR;
				CLANG_WARN_EMPTY_BODY = YES;
				CLANG_WARN_ENUM_CONVERSION = YES;
				CLANG_WARN_INFINITE_RECURSION = YES;
				CLANG_WARN_INT_CONVERSION = YES;
				CLANG_WARN_OBJC_ROOT_CLASS = YES_ERROR;
				CLANG_WARN_SUSPICIOUS_MOVE = YES;
				CLANG_WARN_UNREACHABLE_CODE = YES;
				CLANG_WARN__DUPLICATE_METHOD_MATCH = YES;
				"CODE_SIGN_IDENTITY[sdk=iphoneos*]" = "iPhone Developer";
				COPY_PHASE_STRIP = NO;
				DEBUG_INFORMATION_FORMAT = "dwarf-with-dsym";
				ENABLE_NS_ASSERTIONS = NO;
				ENABLE_STRICT_OBJC_MSGSEND = YES;
				GCC_C_LANGUAGE_STANDARD = gnu99;
				GCC_NO_COMMON_BLOCKS = YES;
				GCC_WARN_64_TO_32_BIT_CONVERSION = YES;
				GCC_WARN_ABOUT_RETURN_TYPE = YES_ERROR;
				GCC_WARN_UNDECLARED_SELECTOR = YES;
				GCC_WARN_UNINITIALIZED_AUTOS = YES_AGGRESSIVE;
				GCC_WARN_UNUSED_FUNCTION = YES;
				GCC_WARN_UNUSED_VARIABLE = YES;
				IPHONEOS_DEPLOYMENT_TARGET = 9.0;
				MTL_ENABLE_DEBUG_INFO = NO;
				SDKROOT = iphoneos;
				SWIFT_OPTIMIZATION_LEVEL = "-Owholemodule";
				VALIDATE_PRODUCT = YES;
			};
			name = Release;
		};
		607FACF01AFB9204008FA782 /* Debug */ = {
			isa = XCBuildConfiguration;
			baseConfigurationReference = 0C7D67CE9ED861429AAFD5AA /* Pods-ACKit_Example.debug.xcconfig */;
			buildSettings = {
				ASSETCATALOG_COMPILER_APPICON_NAME = AppIcon;
				CLANG_ENABLE_MODULES = YES;
				DEVELOPMENT_TEAM = JF6RD64R9G;
				INFOPLIST_FILE = ACKitExample/Info.plist;
				IPHONEOS_DEPLOYMENT_TARGET = 10.0;
				LD_RUNPATH_SEARCH_PATHS = "$(inherited) @executable_path/Frameworks";
				MODULE_NAME = ExampleApp;
				PRODUCT_BUNDLE_IDENTIFIER = "com.ac.ACKit-Example";
				PRODUCT_NAME = "$(TARGET_NAME)";
				SWIFT_OBJC_BRIDGING_HEADER = "ACKitExample/ACKit_Example-Bridging-Header.h";
				SWIFT_OPTIMIZATION_LEVEL = "-Onone";
				SWIFT_VERSION = 4.0;
			};
			name = Debug;
		};
		607FACF11AFB9204008FA782 /* Release */ = {
			isa = XCBuildConfiguration;
			baseConfigurationReference = E6FB10FA44AD738F032FD834 /* Pods-ACKit_Example.release.xcconfig */;
			buildSettings = {
				ASSETCATALOG_COMPILER_APPICON_NAME = AppIcon;
				CLANG_ENABLE_MODULES = YES;
				DEVELOPMENT_TEAM = JF6RD64R9G;
				INFOPLIST_FILE = ACKitExample/Info.plist;
				IPHONEOS_DEPLOYMENT_TARGET = 10.0;
				LD_RUNPATH_SEARCH_PATHS = "$(inherited) @executable_path/Frameworks";
				MODULE_NAME = ExampleApp;
				PRODUCT_BUNDLE_IDENTIFIER = "com.ac.ACKit-Example";
				PRODUCT_NAME = "$(TARGET_NAME)";
				SWIFT_OBJC_BRIDGING_HEADER = "ACKitExample/ACKit_Example-Bridging-Header.h";
				SWIFT_VERSION = 4.0;
			};
			name = Release;
		};
		607FACF31AFB9204008FA782 /* Debug */ = {
			isa = XCBuildConfiguration;
			baseConfigurationReference = 7F692D691A25E4130E657F62 /* Pods-ACKit_Tests.debug.xcconfig */;
			buildSettings = {
				ALWAYS_EMBED_SWIFT_STANDARD_LIBRARIES = YES;
				FRAMEWORK_SEARCH_PATHS = (
					"$(SDKROOT)/Developer/Library/Frameworks",
					"$(inherited)",
				);
				GCC_PREPROCESSOR_DEFINITIONS = (
					"DEBUG=1",
					"$(inherited)",
				);
				INFOPLIST_FILE = Tests/Info.plist;
				LD_RUNPATH_SEARCH_PATHS = "$(inherited) @executable_path/Frameworks @loader_path/Frameworks";
				PRODUCT_BUNDLE_IDENTIFIER = "org.cocoapods.$(PRODUCT_NAME:rfc1034identifier)";
				PRODUCT_NAME = "$(TARGET_NAME)";
				SWIFT_VERSION = 3.0;
			};
			name = Debug;
		};
		607FACF41AFB9204008FA782 /* Release */ = {
			isa = XCBuildConfiguration;
			baseConfigurationReference = A9C37B466CA7225E3A11A3A2 /* Pods-ACKit_Tests.release.xcconfig */;
			buildSettings = {
				ALWAYS_EMBED_SWIFT_STANDARD_LIBRARIES = YES;
				FRAMEWORK_SEARCH_PATHS = (
					"$(SDKROOT)/Developer/Library/Frameworks",
					"$(inherited)",
				);
				INFOPLIST_FILE = Tests/Info.plist;
				LD_RUNPATH_SEARCH_PATHS = "$(inherited) @executable_path/Frameworks @loader_path/Frameworks";
				PRODUCT_BUNDLE_IDENTIFIER = "org.cocoapods.$(PRODUCT_NAME:rfc1034identifier)";
				PRODUCT_NAME = "$(TARGET_NAME)";
				SWIFT_VERSION = 3.0;
			};
			name = Release;
		};
/* End XCBuildConfiguration section */

/* Begin XCConfigurationList section */
		607FACCB1AFB9204008FA782 /* Build configuration list for PBXProject "ACKit" */ = {
			isa = XCConfigurationList;
			buildConfigurations = (
				607FACED1AFB9204008FA782 /* Debug */,
				607FACEE1AFB9204008FA782 /* Release */,
			);
			defaultConfigurationIsVisible = 0;
			defaultConfigurationName = Release;
		};
		607FACEF1AFB9204008FA782 /* Build configuration list for PBXNativeTarget "ACKit_Example" */ = {
			isa = XCConfigurationList;
			buildConfigurations = (
				607FACF01AFB9204008FA782 /* Debug */,
				607FACF11AFB9204008FA782 /* Release */,
			);
			defaultConfigurationIsVisible = 0;
			defaultConfigurationName = Release;
		};
		607FACF21AFB9204008FA782 /* Build configuration list for PBXNativeTarget "ACKit_Tests" */ = {
			isa = XCConfigurationList;
			buildConfigurations = (
				607FACF31AFB9204008FA782 /* Debug */,
				607FACF41AFB9204008FA782 /* Release */,
			);
			defaultConfigurationIsVisible = 0;
			defaultConfigurationName = Release;
		};
/* End XCConfigurationList section */
	};
	rootObject = 607FACC81AFB9204008FA782 /* Project object */;
}
