// !$*UTF8*$!
{
	archiveVersion = 1;
	classes = {
	};
	objectVersion = 46;
	objects = {

/* Begin PBXBuildFile section */
		138C320C52179B393EB5DE5F /* Pods_ACKit_Tests.framework in Frameworks */ = {isa = PBXBuildFile; fileRef = 28EDEB491C4267B8470A5F0F /* Pods_ACKit_Tests.framework */; };
		607FACEC1AFB9204008FA782 /* Tests.swift in Sources */ = {isa = PBXBuildFile; fileRef = 607FACEB1AFB9204008FA782 /* Tests.swift */; };
		C41B49191F5F53CD00F0F99D /* ACElasticHeaderView.swift in Sources */ = {isa = PBXBuildFile; fileRef = C41B49151F5F53CD00F0F99D /* ACElasticHeaderView.swift */; };
		C41B491A1F5F53CD00F0F99D /* ACElasticHeaderView.xib in Resources */ = {isa = PBXBuildFile; fileRef = C41B49161F5F53CD00F0F99D /* ACElasticHeaderView.xib */; };
		C41B491B1F5F53CD00F0F99D /* CaseElasticHeader.storyboard in Resources */ = {isa = PBXBuildFile; fileRef = C41B49171F5F53CD00F0F99D /* CaseElasticHeader.storyboard */; };
		C41B491C1F5F53CD00F0F99D /* CaseElasticViewController.swift in Sources */ = {isa = PBXBuildFile; fileRef = C41B49181F5F53CD00F0F99D /* CaseElasticViewController.swift */; };
		C41B491F1F5F574900F0F99D /* CaseScroll.storyboard in Resources */ = {isa = PBXBuildFile; fileRef = C41B491E1F5F574900F0F99D /* CaseScroll.storyboard */; };
		C41B49211F5F576200F0F99D /* CaseScrollViewController.swift in Sources */ = {isa = PBXBuildFile; fileRef = C41B49201F5F576200F0F99D /* CaseScrollViewController.swift */; };
		C4383A821F5E5CBF00DD2A10 /* CaseTransitions2.storyboard in Resources */ = {isa = PBXBuildFile; fileRef = C4383A811F5E5CBE00DD2A10 /* CaseTransitions2.storyboard */; };
		C4383A851F5E5D4F00DD2A10 /* SampleTransition2FromViewController.swift in Sources */ = {isa = PBXBuildFile; fileRef = C4383A831F5E5D4F00DD2A10 /* SampleTransition2FromViewController.swift */; };
		C4383A861F5E5D4F00DD2A10 /* SampleTransition2ToViewController.swift in Sources */ = {isa = PBXBuildFile; fileRef = C4383A841F5E5D4F00DD2A10 /* SampleTransition2ToViewController.swift */; };
		C44CB7691F53521100AF5FC9 /* AppDelegate.swift in Sources */ = {isa = PBXBuildFile; fileRef = C44CB74D1F53521100AF5FC9 /* AppDelegate.swift */; };
		C44CB76A1F53521100AF5FC9 /* LaunchScreen.xib in Resources */ = {isa = PBXBuildFile; fileRef = C44CB74F1F53521100AF5FC9 /* LaunchScreen.xib */; };
		C44CB76B1F53521100AF5FC9 /* Main.storyboard in Resources */ = {isa = PBXBuildFile; fileRef = C44CB7511F53521100AF5FC9 /* Main.storyboard */; };
		C44CB76C1F53521100AF5FC9 /* CaseCollections.storyboard in Resources */ = {isa = PBXBuildFile; fileRef = C44CB7541F53521100AF5FC9 /* CaseCollections.storyboard */; };
		C44CB76D1F53521100AF5FC9 /* CollectionViewController.swift in Sources */ = {isa = PBXBuildFile; fileRef = C44CB7551F53521100AF5FC9 /* CollectionViewController.swift */; };
		C44CB76E1F53521100AF5FC9 /* CaseTableCells.storyboard in Resources */ = {isa = PBXBuildFile; fileRef = C44CB7571F53521100AF5FC9 /* CaseTableCells.storyboard */; };
		C44CB76F1F53521100AF5FC9 /* SampleTableViewCell1.swift in Sources */ = {isa = PBXBuildFile; fileRef = C44CB7581F53521100AF5FC9 /* SampleTableViewCell1.swift */; };
		C44CB7701F53521100AF5FC9 /* SampleTableViewCell1.xib in Resources */ = {isa = PBXBuildFile; fileRef = C44CB7591F53521100AF5FC9 /* SampleTableViewCell1.xib */; };
		C44CB7711F53521100AF5FC9 /* SampleTableViewCell2.swift in Sources */ = {isa = PBXBuildFile; fileRef = C44CB75A1F53521100AF5FC9 /* SampleTableViewCell2.swift */; };
		C44CB7721F53521100AF5FC9 /* SampleTableViewCell2.xib in Resources */ = {isa = PBXBuildFile; fileRef = C44CB75B1F53521100AF5FC9 /* SampleTableViewCell2.xib */; };
		C44CB7731F53521100AF5FC9 /* TableCellViewController.swift in Sources */ = {isa = PBXBuildFile; fileRef = C44CB75C1F53521100AF5FC9 /* TableCellViewController.swift */; };
		C44CB7741F53521100AF5FC9 /* CaseTransitions.storyboard in Resources */ = {isa = PBXBuildFile; fileRef = C44CB75E1F53521100AF5FC9 /* CaseTransitions.storyboard */; };
		C44CB7751F53521100AF5FC9 /* ACHorizontalInteractiveTransition.swift in Sources */ = {isa = PBXBuildFile; fileRef = C44CB7601F53521100AF5FC9 /* ACHorizontalInteractiveTransition.swift */; };
		C44CB7761F53521100AF5FC9 /* ACHorizontalSlideInAnimator.swift in Sources */ = {isa = PBXBuildFile; fileRef = C44CB7611F53521100AF5FC9 /* ACHorizontalSlideInAnimator.swift */; };
		C44CB7771F53521100AF5FC9 /* ACHorizontalSlideOutAnimator.swift in Sources */ = {isa = PBXBuildFile; fileRef = C44CB7621F53521100AF5FC9 /* ACHorizontalSlideOutAnimator.swift */; };
		C44CB7781F53521100AF5FC9 /* ACHorizontalTransitionManager.swift in Sources */ = {isa = PBXBuildFile; fileRef = C44CB7631F53521100AF5FC9 /* ACHorizontalTransitionManager.swift */; };
		C44CB7791F53521100AF5FC9 /* SampleTransitionFromViewController.swift in Sources */ = {isa = PBXBuildFile; fileRef = C44CB7641F53521100AF5FC9 /* SampleTransitionFromViewController.swift */; };
		C44CB77A1F53521100AF5FC9 /* SampleTransitionToViewController.swift in Sources */ = {isa = PBXBuildFile; fileRef = C44CB7651F53521100AF5FC9 /* SampleTransitionToViewController.swift */; };
		C44CB77B1F53521100AF5FC9 /* Images.xcassets in Resources */ = {isa = PBXBuildFile; fileRef = C44CB7661F53521100AF5FC9 /* Images.xcassets */; };
		C44CB77C1F53521100AF5FC9 /* Info.plist in Resources */ = {isa = PBXBuildFile; fileRef = C44CB7671F53521100AF5FC9 /* Info.plist */; };
		C44CB77D1F53521100AF5FC9 /* MainViewController.swift in Sources */ = {isa = PBXBuildFile; fileRef = C44CB7681F53521100AF5FC9 /* MainViewController.swift */; };
		C44CB78C1F535E0E00AF5FC9 /* CaseNavigationController.storyboard in Resources */ = {isa = PBXBuildFile; fileRef = C44CB7891F535E0E00AF5FC9 /* CaseNavigationController.storyboard */; };
		C44CB78D1F535E0E00AF5FC9 /* SampleNavFirstViewController.swift in Sources */ = {isa = PBXBuildFile; fileRef = C44CB78A1F535E0E00AF5FC9 /* SampleNavFirstViewController.swift */; };
		C44CB78E1F535E0E00AF5FC9 /* SampleNavMainViewController.swift in Sources */ = {isa = PBXBuildFile; fileRef = C44CB78B1F535E0E00AF5FC9 /* SampleNavMainViewController.swift */; };
		C44CB7911F535EA000AF5FC9 /* CaseUIViewWillMove.storyboard in Resources */ = {isa = PBXBuildFile; fileRef = C44CB7901F535EA000AF5FC9 /* CaseUIViewWillMove.storyboard */; };
		C44CB7931F535EE600AF5FC9 /* CaseUIViewWillMoveMainViewController.swift in Sources */ = {isa = PBXBuildFile; fileRef = C44CB7921F535EE600AF5FC9 /* CaseUIViewWillMoveMainViewController.swift */; };
		C44CB7971F5360C900AF5FC9 /* CaseWillMoveView.swift in Sources */ = {isa = PBXBuildFile; fileRef = C44CB7961F5360C900AF5FC9 /* CaseWillMoveView.swift */; };
		C44CB7991F53A07100AF5FC9 /* CaseUIViewWillMoveViewController1.swift in Sources */ = {isa = PBXBuildFile; fileRef = C44CB7981F53A07100AF5FC9 /* CaseUIViewWillMoveViewController1.swift */; };
		C44CB79B1F53A08500AF5FC9 /* CaseUIViewWillMoveViewController2.swift in Sources */ = {isa = PBXBuildFile; fileRef = C44CB79A1F53A08500AF5FC9 /* CaseUIViewWillMoveViewController2.swift */; };
		C44E72721F565B9100F9EE81 /* CaseAutolayout.storyboard in Resources */ = {isa = PBXBuildFile; fileRef = C44E72711F565B9100F9EE81 /* CaseAutolayout.storyboard */; };
		C44E72741F565BC900F9EE81 /* CaseAutolayoutMainViewController.swift in Sources */ = {isa = PBXBuildFile; fileRef = C44E72731F565BC900F9EE81 /* CaseAutolayoutMainViewController.swift */; };
		C460FE421F574A1100676FCB /* CaseUnwind.storyboard in Resources */ = {isa = PBXBuildFile; fileRef = C460FE3F1F574A1100676FCB /* CaseUnwind.storyboard */; };
		C460FE431F574A1100676FCB /* CaseUnwindViewController1.swift in Sources */ = {isa = PBXBuildFile; fileRef = C460FE401F574A1100676FCB /* CaseUnwindViewController1.swift */; };
		C460FE441F574A1100676FCB /* CaseUnwindViewController2.swift in Sources */ = {isa = PBXBuildFile; fileRef = C460FE411F574A1100676FCB /* CaseUnwindViewController2.swift */; };
		C4E0ADCF1F589350004BCBA1 /* CaseParallax.storyboard in Resources */ = {isa = PBXBuildFile; fileRef = C4E0ADCE1F589350004BCBA1 /* CaseParallax.storyboard */; };
		C4E0ADD21F5893D0004BCBA1 /* KCParallaxView.m in Sources */ = {isa = PBXBuildFile; fileRef = C4E0ADD11F5893D0004BCBA1 /* KCParallaxView.m */; };
		C4E0ADD51F58940F004BCBA1 /* UIImageView+Aldo.m in Sources */ = {isa = PBXBuildFile; fileRef = C4E0ADD41F58940F004BCBA1 /* UIImageView+Aldo.m */; };
		C4E0ADD71F589888004BCBA1 /* CaseParallaxMainViewController.swift in Sources */ = {isa = PBXBuildFile; fileRef = C4E0ADD61F589888004BCBA1 /* CaseParallaxMainViewController.swift */; };
		C4E0ADD91F58AF9B004BCBA1 /* ACParallaxView.swift in Sources */ = {isa = PBXBuildFile; fileRef = C4E0ADD81F58AF9B004BCBA1 /* ACParallaxView.swift */; };
		C4E0ADDB1F58AFA6004BCBA1 /* ACParallaxView.xib in Resources */ = {isa = PBXBuildFile; fileRef = C4E0ADDA1F58AFA6004BCBA1 /* ACParallaxView.xib */; };
		EEAF5AD6B36510AB6B8D439B /* Pods_ACKit_Example.framework in Frameworks */ = {isa = PBXBuildFile; fileRef = 9CBBD66DCD4C4EC76608D242 /* Pods_ACKit_Example.framework */; };
/* End PBXBuildFile section */

/* Begin PBXContainerItemProxy section */
		607FACE61AFB9204008FA782 /* PBXContainerItemProxy */ = {
			isa = PBXContainerItemProxy;
			containerPortal = 607FACC81AFB9204008FA782 /* Project object */;
			proxyType = 1;
			remoteGlobalIDString = 607FACCF1AFB9204008FA782;
			remoteInfo = ACKit;
		};
/* End PBXContainerItemProxy section */

/* Begin PBXFileReference section */
		0C7D67CE9ED861429AAFD5AA /* Pods-ACKit_Example.debug.xcconfig */ = {isa = PBXFileReference; includeInIndex = 1; lastKnownFileType = text.xcconfig; name = "Pods-ACKit_Example.debug.xcconfig"; path = "Pods/Target Support Files/Pods-ACKit_Example/Pods-ACKit_Example.debug.xcconfig"; sourceTree = "<group>"; };
		11B9CFCE20D2155046E3279F /* LICENSE */ = {isa = PBXFileReference; includeInIndex = 1; lastKnownFileType = text; name = LICENSE; path = ../LICENSE; sourceTree = "<group>"; };
		167B9F082CCFB279AA1FBA33 /* ACKit.podspec */ = {isa = PBXFileReference; includeInIndex = 1; lastKnownFileType = text; name = ACKit.podspec; path = ../ACKit.podspec; sourceTree = "<group>"; };
		28EDEB491C4267B8470A5F0F /* Pods_ACKit_Tests.framework */ = {isa = PBXFileReference; explicitFileType = wrapper.framework; includeInIndex = 0; path = Pods_ACKit_Tests.framework; sourceTree = BUILT_PRODUCTS_DIR; };
		607FACD01AFB9204008FA782 /* ACKit_Example.app */ = {isa = PBXFileReference; explicitFileType = wrapper.application; includeInIndex = 0; path = ACKit_Example.app; sourceTree = BUILT_PRODUCTS_DIR; };
		607FACE51AFB9204008FA782 /* ACKit_Tests.xctest */ = {isa = PBXFileReference; explicitFileType = wrapper.cfbundle; includeInIndex = 0; path = ACKit_Tests.xctest; sourceTree = BUILT_PRODUCTS_DIR; };
		607FACEA1AFB9204008FA782 /* Info.plist */ = {isa = PBXFileReference; lastKnownFileType = text.plist.xml; path = Info.plist; sourceTree = "<group>"; };
		607FACEB1AFB9204008FA782 /* Tests.swift */ = {isa = PBXFileReference; lastKnownFileType = sourcecode.swift; path = Tests.swift; sourceTree = "<group>"; };
		7F692D691A25E4130E657F62 /* Pods-ACKit_Tests.debug.xcconfig */ = {isa = PBXFileReference; includeInIndex = 1; lastKnownFileType = text.xcconfig; name = "Pods-ACKit_Tests.debug.xcconfig"; path = "Pods/Target Support Files/Pods-ACKit_Tests/Pods-ACKit_Tests.debug.xcconfig"; sourceTree = "<group>"; };
		9473BBA84E5B146F7B4369C0 /* README.md */ = {isa = PBXFileReference; includeInIndex = 1; lastKnownFileType = net.daringfireball.markdown; name = README.md; path = ../README.md; sourceTree = "<group>"; };
		9CBBD66DCD4C4EC76608D242 /* Pods_ACKit_Example.framework */ = {isa = PBXFileReference; explicitFileType = wrapper.framework; includeInIndex = 0; path = Pods_ACKit_Example.framework; sourceTree = BUILT_PRODUCTS_DIR; };
		A9C37B466CA7225E3A11A3A2 /* Pods-ACKit_Tests.release.xcconfig */ = {isa = PBXFileReference; includeInIndex = 1; lastKnownFileType = text.xcconfig; name = "Pods-ACKit_Tests.release.xcconfig"; path = "Pods/Target Support Files/Pods-ACKit_Tests/Pods-ACKit_Tests.release.xcconfig"; sourceTree = "<group>"; };
		C41B49151F5F53CD00F0F99D /* ACElasticHeaderView.swift */ = {isa = PBXFileReference; fileEncoding = 4; lastKnownFileType = sourcecode.swift; path = ACElasticHeaderView.swift; sourceTree = "<group>"; };
		C41B49161F5F53CD00F0F99D /* ACElasticHeaderView.xib */ = {isa = PBXFileReference; fileEncoding = 4; lastKnownFileType = file.xib; path = ACElasticHeaderView.xib; sourceTree = "<group>"; };
		C41B49171F5F53CD00F0F99D /* CaseElasticHeader.storyboard */ = {isa = PBXFileReference; fileEncoding = 4; lastKnownFileType = file.storyboard; path = CaseElasticHeader.storyboard; sourceTree = "<group>"; };
		C41B49181F5F53CD00F0F99D /* CaseElasticViewController.swift */ = {isa = PBXFileReference; fileEncoding = 4; lastKnownFileType = sourcecode.swift; path = CaseElasticViewController.swift; sourceTree = "<group>"; };
		C41B491E1F5F574900F0F99D /* CaseScroll.storyboard */ = {isa = PBXFileReference; fileEncoding = 4; lastKnownFileType = file.storyboard; path = CaseScroll.storyboard; sourceTree = "<group>"; };
		C41B49201F5F576200F0F99D /* CaseScrollViewController.swift */ = {isa = PBXFileReference; fileEncoding = 4; lastKnownFileType = sourcecode.swift; path = CaseScrollViewController.swift; sourceTree = "<group>"; };
		C4383A811F5E5CBE00DD2A10 /* CaseTransitions2.storyboard */ = {isa = PBXFileReference; fileEncoding = 4; lastKnownFileType = file.storyboard; path = CaseTransitions2.storyboard; sourceTree = "<group>"; };
		C4383A831F5E5D4F00DD2A10 /* SampleTransition2FromViewController.swift */ = {isa = PBXFileReference; fileEncoding = 4; lastKnownFileType = sourcecode.swift; path = SampleTransition2FromViewController.swift; sourceTree = "<group>"; };
		C4383A841F5E5D4F00DD2A10 /* SampleTransition2ToViewController.swift */ = {isa = PBXFileReference; fileEncoding = 4; lastKnownFileType = sourcecode.swift; path = SampleTransition2ToViewController.swift; sourceTree = "<group>"; };
		C44CB74C1F53521100AF5FC9 /* ACKit_Example-Bridging-Header.h */ = {isa = PBXFileReference; lastKnownFileType = sourcecode.c.h; path = "ACKit_Example-Bridging-Header.h"; sourceTree = "<group>"; };
		C44CB74D1F53521100AF5FC9 /* AppDelegate.swift */ = {isa = PBXFileReference; fileEncoding = 4; lastKnownFileType = sourcecode.swift; path = AppDelegate.swift; sourceTree = "<group>"; };
		C44CB7501F53521100AF5FC9 /* Base */ = {isa = PBXFileReference; lastKnownFileType = file.xib; name = Base; path = LaunchScreen.xib; sourceTree = "<group>"; };
		C44CB7521F53521100AF5FC9 /* Base */ = {isa = PBXFileReference; lastKnownFileType = file.storyboard; name = Base; path = Main.storyboard; sourceTree = "<group>"; };
		C44CB7541F53521100AF5FC9 /* CaseCollections.storyboard */ = {isa = PBXFileReference; fileEncoding = 4; lastKnownFileType = file.storyboard; path = CaseCollections.storyboard; sourceTree = "<group>"; };
		C44CB7551F53521100AF5FC9 /* CollectionViewController.swift */ = {isa = PBXFileReference; fileEncoding = 4; lastKnownFileType = sourcecode.swift; path = CollectionViewController.swift; sourceTree = "<group>"; };
		C44CB7571F53521100AF5FC9 /* CaseTableCells.storyboard */ = {isa = PBXFileReference; fileEncoding = 4; lastKnownFileType = file.storyboard; path = CaseTableCells.storyboard; sourceTree = "<group>"; };
		C44CB7581F53521100AF5FC9 /* SampleTableViewCell1.swift */ = {isa = PBXFileReference; fileEncoding = 4; lastKnownFileType = sourcecode.swift; path = SampleTableViewCell1.swift; sourceTree = "<group>"; };
		C44CB7591F53521100AF5FC9 /* SampleTableViewCell1.xib */ = {isa = PBXFileReference; fileEncoding = 4; lastKnownFileType = file.xib; path = SampleTableViewCell1.xib; sourceTree = "<group>"; };
		C44CB75A1F53521100AF5FC9 /* SampleTableViewCell2.swift */ = {isa = PBXFileReference; fileEncoding = 4; lastKnownFileType = sourcecode.swift; path = SampleTableViewCell2.swift; sourceTree = "<group>"; };
		C44CB75B1F53521100AF5FC9 /* SampleTableViewCell2.xib */ = {isa = PBXFileReference; fileEncoding = 4; lastKnownFileType = file.xib; path = SampleTableViewCell2.xib; sourceTree = "<group>"; };
		C44CB75C1F53521100AF5FC9 /* TableCellViewController.swift */ = {isa = PBXFileReference; fileEncoding = 4; lastKnownFileType = sourcecode.swift; path = TableCellViewController.swift; sourceTree = "<group>"; };
		C44CB75E1F53521100AF5FC9 /* CaseTransitions.storyboard */ = {isa = PBXFileReference; fileEncoding = 4; lastKnownFileType = file.storyboard; path = CaseTransitions.storyboard; sourceTree = "<group>"; };
		C44CB7601F53521100AF5FC9 /* ACHorizontalInteractiveTransition.swift */ = {isa = PBXFileReference; fileEncoding = 4; lastKnownFileType = sourcecode.swift; path = ACHorizontalInteractiveTransition.swift; sourceTree = "<group>"; };
		C44CB7611F53521100AF5FC9 /* ACHorizontalSlideInAnimator.swift */ = {isa = PBXFileReference; fileEncoding = 4; lastKnownFileType = sourcecode.swift; path = ACHorizontalSlideInAnimator.swift; sourceTree = "<group>"; };
		C44CB7621F53521100AF5FC9 /* ACHorizontalSlideOutAnimator.swift */ = {isa = PBXFileReference; fileEncoding = 4; lastKnownFileType = sourcecode.swift; path = ACHorizontalSlideOutAnimator.swift; sourceTree = "<group>"; };
		C44CB7631F53521100AF5FC9 /* ACHorizontalTransitionManager.swift */ = {isa = PBXFileReference; fileEncoding = 4; lastKnownFileType = sourcecode.swift; path = ACHorizontalTransitionManager.swift; sourceTree = "<group>"; };
		C44CB7641F53521100AF5FC9 /* SampleTransitionFromViewController.swift */ = {isa = PBXFileReference; fileEncoding = 4; lastKnownFileType = sourcecode.swift; path = SampleTransitionFromViewController.swift; sourceTree = "<group>"; };
		C44CB7651F53521100AF5FC9 /* SampleTransitionToViewController.swift */ = {isa = PBXFileReference; fileEncoding = 4; lastKnownFileType = sourcecode.swift; path = SampleTransitionToViewController.swift; sourceTree = "<group>"; };
		C44CB7661F53521100AF5FC9 /* Images.xcassets */ = {isa = PBXFileReference; lastKnownFileType = folder.assetcatalog; path = Images.xcassets; sourceTree = "<group>"; };
		C44CB7671F53521100AF5FC9 /* Info.plist */ = {isa = PBXFileReference; fileEncoding = 4; lastKnownFileType = text.plist.xml; path = Info.plist; sourceTree = "<group>"; };
		C44CB7681F53521100AF5FC9 /* MainViewController.swift */ = {isa = PBXFileReference; fileEncoding = 4; lastKnownFileType = sourcecode.swift; path = MainViewController.swift; sourceTree = "<group>"; };
		C44CB7891F535E0E00AF5FC9 /* CaseNavigationController.storyboard */ = {isa = PBXFileReference; fileEncoding = 4; lastKnownFileType = file.storyboard; path = CaseNavigationController.storyboard; sourceTree = "<group>"; };
		C44CB78A1F535E0E00AF5FC9 /* SampleNavFirstViewController.swift */ = {isa = PBXFileReference; fileEncoding = 4; lastKnownFileType = sourcecode.swift; path = SampleNavFirstViewController.swift; sourceTree = "<group>"; };
		C44CB78B1F535E0E00AF5FC9 /* SampleNavMainViewController.swift */ = {isa = PBXFileReference; fileEncoding = 4; lastKnownFileType = sourcecode.swift; path = SampleNavMainViewController.swift; sourceTree = "<group>"; };
		C44CB7901F535EA000AF5FC9 /* CaseUIViewWillMove.storyboard */ = {isa = PBXFileReference; fileEncoding = 4; lastKnownFileType = file.storyboard; path = CaseUIViewWillMove.storyboard; sourceTree = "<group>"; };
		C44CB7921F535EE600AF5FC9 /* CaseUIViewWillMoveMainViewController.swift */ = {isa = PBXFileReference; fileEncoding = 4; lastKnownFileType = sourcecode.swift; path = CaseUIViewWillMoveMainViewController.swift; sourceTree = "<group>"; };
		C44CB7961F5360C900AF5FC9 /* CaseWillMoveView.swift */ = {isa = PBXFileReference; fileEncoding = 4; lastKnownFileType = sourcecode.swift; path = CaseWillMoveView.swift; sourceTree = "<group>"; };
		C44CB7981F53A07100AF5FC9 /* CaseUIViewWillMoveViewController1.swift */ = {isa = PBXFileReference; fileEncoding = 4; lastKnownFileType = sourcecode.swift; path = CaseUIViewWillMoveViewController1.swift; sourceTree = "<group>"; };
		C44CB79A1F53A08500AF5FC9 /* CaseUIViewWillMoveViewController2.swift */ = {isa = PBXFileReference; fileEncoding = 4; lastKnownFileType = sourcecode.swift; path = CaseUIViewWillMoveViewController2.swift; sourceTree = "<group>"; };
		C44E72711F565B9100F9EE81 /* CaseAutolayout.storyboard */ = {isa = PBXFileReference; fileEncoding = 4; lastKnownFileType = file.storyboard; path = CaseAutolayout.storyboard; sourceTree = "<group>"; };
		C44E72731F565BC900F9EE81 /* CaseAutolayoutMainViewController.swift */ = {isa = PBXFileReference; fileEncoding = 4; lastKnownFileType = sourcecode.swift; path = CaseAutolayoutMainViewController.swift; sourceTree = "<group>"; };
		C460FE3F1F574A1100676FCB /* CaseUnwind.storyboard */ = {isa = PBXFileReference; fileEncoding = 4; lastKnownFileType = file.storyboard; path = CaseUnwind.storyboard; sourceTree = "<group>"; };
		C460FE401F574A1100676FCB /* CaseUnwindViewController1.swift */ = {isa = PBXFileReference; fileEncoding = 4; lastKnownFileType = sourcecode.swift; path = CaseUnwindViewController1.swift; sourceTree = "<group>"; };
		C460FE411F574A1100676FCB /* CaseUnwindViewController2.swift */ = {isa = PBXFileReference; fileEncoding = 4; lastKnownFileType = sourcecode.swift; path = CaseUnwindViewController2.swift; sourceTree = "<group>"; };
		C4E0ADCE1F589350004BCBA1 /* CaseParallax.storyboard */ = {isa = PBXFileReference; fileEncoding = 4; lastKnownFileType = file.storyboard; path = CaseParallax.storyboard; sourceTree = "<group>"; };
		C4E0ADD01F5893D0004BCBA1 /* KCParallaxView.h */ = {isa = PBXFileReference; fileEncoding = 4; lastKnownFileType = sourcecode.c.h; path = KCParallaxView.h; sourceTree = "<group>"; };
		C4E0ADD11F5893D0004BCBA1 /* KCParallaxView.m */ = {isa = PBXFileReference; fileEncoding = 4; lastKnownFileType = sourcecode.c.objc; path = KCParallaxView.m; sourceTree = "<group>"; };
		C4E0ADD31F58940F004BCBA1 /* UIImageView+Aldo.h */ = {isa = PBXFileReference; fileEncoding = 4; lastKnownFileType = sourcecode.c.h; path = "UIImageView+Aldo.h"; sourceTree = "<group>"; };
		C4E0ADD41F58940F004BCBA1 /* UIImageView+Aldo.m */ = {isa = PBXFileReference; fileEncoding = 4; lastKnownFileType = sourcecode.c.objc; path = "UIImageView+Aldo.m"; sourceTree = "<group>"; };
		C4E0ADD61F589888004BCBA1 /* CaseParallaxMainViewController.swift */ = {isa = PBXFileReference; fileEncoding = 4; lastKnownFileType = sourcecode.swift; path = CaseParallaxMainViewController.swift; sourceTree = "<group>"; };
		C4E0ADD81F58AF9B004BCBA1 /* ACParallaxView.swift */ = {isa = PBXFileReference; fileEncoding = 4; lastKnownFileType = sourcecode.swift; path = ACParallaxView.swift; sourceTree = "<group>"; };
		C4E0ADDA1F58AFA6004BCBA1 /* ACParallaxView.xib */ = {isa = PBXFileReference; fileEncoding = 4; lastKnownFileType = file.xib; path = ACParallaxView.xib; sourceTree = "<group>"; };
		E6FB10FA44AD738F032FD834 /* Pods-ACKit_Example.release.xcconfig */ = {isa = PBXFileReference; includeInIndex = 1; lastKnownFileType = text.xcconfig; name = "Pods-ACKit_Example.release.xcconfig"; path = "Pods/Target Support Files/Pods-ACKit_Example/Pods-ACKit_Example.release.xcconfig"; sourceTree = "<group>"; };
/* End PBXFileReference section */

/* Begin PBXFrameworksBuildPhase section */
		607FACCD1AFB9204008FA782 /* Frameworks */ = {
			isa = PBXFrameworksBuildPhase;
			buildActionMask = 2147483647;
			files = (
				EEAF5AD6B36510AB6B8D439B /* Pods_ACKit_Example.framework in Frameworks */,
			);
			runOnlyForDeploymentPostprocessing = 0;
		};
		607FACE21AFB9204008FA782 /* Frameworks */ = {
			isa = PBXFrameworksBuildPhase;
			buildActionMask = 2147483647;
			files = (
				138C320C52179B393EB5DE5F /* Pods_ACKit_Tests.framework in Frameworks */,
			);
			runOnlyForDeploymentPostprocessing = 0;
		};
/* End PBXFrameworksBuildPhase section */

/* Begin PBXGroup section */
		192B0DBBEC4742A5FC63F78C /* Pods */ = {
			isa = PBXGroup;
			children = (
				0C7D67CE9ED861429AAFD5AA /* Pods-ACKit_Example.debug.xcconfig */,
				E6FB10FA44AD738F032FD834 /* Pods-ACKit_Example.release.xcconfig */,
				7F692D691A25E4130E657F62 /* Pods-ACKit_Tests.debug.xcconfig */,
				A9C37B466CA7225E3A11A3A2 /* Pods-ACKit_Tests.release.xcconfig */,
			);
			name = Pods;
			sourceTree = "<group>";
		};
		607FACC71AFB9204008FA782 = {
			isa = PBXGroup;
			children = (
				C40C2E011F36911100B04BA8 /* ACKitExample */,
				607FACF51AFB993E008FA782 /* Podspec Metadata */,
				607FACE81AFB9204008FA782 /* Tests */,
				607FACD11AFB9204008FA782 /* Products */,
				192B0DBBEC4742A5FC63F78C /* Pods */,
				A3B1C25EB58539E52B930C5A /* Frameworks */,
			);
			sourceTree = "<group>";
		};
		607FACD11AFB9204008FA782 /* Products */ = {
			isa = PBXGroup;
			children = (
				607FACD01AFB9204008FA782 /* ACKit_Example.app */,
				607FACE51AFB9204008FA782 /* ACKit_Tests.xctest */,
			);
			name = Products;
			sourceTree = "<group>";
		};
		607FACE81AFB9204008FA782 /* Tests */ = {
			isa = PBXGroup;
			children = (
				607FACEB1AFB9204008FA782 /* Tests.swift */,
				607FACE91AFB9204008FA782 /* Supporting Files */,
			);
			path = Tests;
			sourceTree = "<group>";
		};
		607FACE91AFB9204008FA782 /* Supporting Files */ = {
			isa = PBXGroup;
			children = (
				607FACEA1AFB9204008FA782 /* Info.plist */,
			);
			name = "Supporting Files";
			sourceTree = "<group>";
		};
		607FACF51AFB993E008FA782 /* Podspec Metadata */ = {
			isa = PBXGroup;
			children = (
				167B9F082CCFB279AA1FBA33 /* ACKit.podspec */,
				9473BBA84E5B146F7B4369C0 /* README.md */,
				11B9CFCE20D2155046E3279F /* LICENSE */,
			);
			name = "Podspec Metadata";
			sourceTree = "<group>";
		};
		A3B1C25EB58539E52B930C5A /* Frameworks */ = {
			isa = PBXGroup;
			children = (
				9CBBD66DCD4C4EC76608D242 /* Pods_ACKit_Example.framework */,
				28EDEB491C4267B8470A5F0F /* Pods_ACKit_Tests.framework */,
			);
			name = Frameworks;
			sourceTree = "<group>";
		};
		C40C2E011F36911100B04BA8 /* ACKitExample */ = {
			isa = PBXGroup;
			children = (
				C44CB74D1F53521100AF5FC9 /* AppDelegate.swift */,
				C41B491D1F5F573300F0F99D /* CaseScroll */,
				C41B49141F5F53CD00F0F99D /* CaseElasticHeader */,
				C4E0ADCD1F58933F004BCBA1 /* CaseParallax */,
				C460FE3E1F574A1100676FCB /* CaseUnwind */,
				C44CB74E1F53521100AF5FC9 /* Base.lproj */,
				C44E72701F565B6100F9EE81 /* CaseAutolayout */,
				C44CB7531F53521100AF5FC9 /* CaseCollections */,
				C44CB7561F53521100AF5FC9 /* CaseTableCells */,
				C44CB75D1F53521100AF5FC9 /* CaseTransitions */,
				C4383A801F5E5CAA00DD2A10 /* CaseTransitions2 */,
				C44CB7881F535E0E00AF5FC9 /* CaseComplexHierachy */,
				C44CB78F1F535E8500AF5FC9 /* CaseUIViewWillMove */,
				C44CB7661F53521100AF5FC9 /* Images.xcassets */,
				C44CB7671F53521100AF5FC9 /* Info.plist */,
				C44CB7681F53521100AF5FC9 /* MainViewController.swift */,
				C44CB74C1F53521100AF5FC9 /* ACKit_Example-Bridging-Header.h */,
			);
			path = ACKitExample;
			sourceTree = "<group>";
		};
		C41B49141F5F53CD00F0F99D /* CaseElasticHeader */ = {
			isa = PBXGroup;
			children = (
				C41B49151F5F53CD00F0F99D /* ACElasticHeaderView.swift */,
				C41B49161F5F53CD00F0F99D /* ACElasticHeaderView.xib */,
				C41B49171F5F53CD00F0F99D /* CaseElasticHeader.storyboard */,
				C41B49181F5F53CD00F0F99D /* CaseElasticViewController.swift */,
			);
			path = CaseElasticHeader;
			sourceTree = "<group>";
		};
		C41B491D1F5F573300F0F99D /* CaseScroll */ = {
			isa = PBXGroup;
			children = (
				C41B491E1F5F574900F0F99D /* CaseScroll.storyboard */,
				C41B49201F5F576200F0F99D /* CaseScrollViewController.swift */,
			);
			path = CaseScroll;
			sourceTree = "<group>";
		};
		C4383A801F5E5CAA00DD2A10 /* CaseTransitions2 */ = {
			isa = PBXGroup;
			children = (
				C4383A811F5E5CBE00DD2A10 /* CaseTransitions2.storyboard */,
				C4383A831F5E5D4F00DD2A10 /* SampleTransition2FromViewController.swift */,
				C4383A841F5E5D4F00DD2A10 /* SampleTransition2ToViewController.swift */,
			);
			path = CaseTransitions2;
			sourceTree = "<group>";
		};
		C44CB74E1F53521100AF5FC9 /* Base.lproj */ = {
			isa = PBXGroup;
			children = (
				C44CB74F1F53521100AF5FC9 /* LaunchScreen.xib */,
				C44CB7511F53521100AF5FC9 /* Main.storyboard */,
			);
			path = Base.lproj;
			sourceTree = "<group>";
		};
		C44CB7531F53521100AF5FC9 /* CaseCollections */ = {
			isa = PBXGroup;
			children = (
				C44CB7541F53521100AF5FC9 /* CaseCollections.storyboard */,
				C44CB7551F53521100AF5FC9 /* CollectionViewController.swift */,
			);
			path = CaseCollections;
			sourceTree = "<group>";
		};
		C44CB7561F53521100AF5FC9 /* CaseTableCells */ = {
			isa = PBXGroup;
			children = (
				C44CB7571F53521100AF5FC9 /* CaseTableCells.storyboard */,
				C44CB7581F53521100AF5FC9 /* SampleTableViewCell1.swift */,
				C44CB7591F53521100AF5FC9 /* SampleTableViewCell1.xib */,
				C44CB75A1F53521100AF5FC9 /* SampleTableViewCell2.swift */,
				C44CB75B1F53521100AF5FC9 /* SampleTableViewCell2.xib */,
				C44CB75C1F53521100AF5FC9 /* TableCellViewController.swift */,
			);
			path = CaseTableCells;
			sourceTree = "<group>";
		};
		C44CB75D1F53521100AF5FC9 /* CaseTransitions */ = {
			isa = PBXGroup;
			children = (
				C44CB75E1F53521100AF5FC9 /* CaseTransitions.storyboard */,
				C44CB75F1F53521100AF5FC9 /* ProfilePageTransition */,
				C44CB7641F53521100AF5FC9 /* SampleTransitionFromViewController.swift */,
				C44CB7651F53521100AF5FC9 /* SampleTransitionToViewController.swift */,
			);
			path = CaseTransitions;
			sourceTree = "<group>";
		};
		C44CB75F1F53521100AF5FC9 /* ProfilePageTransition */ = {
			isa = PBXGroup;
			children = (
				C44CB7601F53521100AF5FC9 /* ACHorizontalInteractiveTransition.swift */,
				C44CB7611F53521100AF5FC9 /* ACHorizontalSlideInAnimator.swift */,
				C44CB7621F53521100AF5FC9 /* ACHorizontalSlideOutAnimator.swift */,
				C44CB7631F53521100AF5FC9 /* ACHorizontalTransitionManager.swift */,
			);
			path = ProfilePageTransition;
			sourceTree = "<group>";
		};
		C44CB7881F535E0E00AF5FC9 /* CaseComplexHierachy */ = {
			isa = PBXGroup;
			children = (
				C44CB7891F535E0E00AF5FC9 /* CaseNavigationController.storyboard */,
				C44CB78A1F535E0E00AF5FC9 /* SampleNavFirstViewController.swift */,
				C44CB78B1F535E0E00AF5FC9 /* SampleNavMainViewController.swift */,
			);
			path = CaseComplexHierachy;
			sourceTree = "<group>";
		};
		C44CB78F1F535E8500AF5FC9 /* CaseUIViewWillMove */ = {
			isa = PBXGroup;
			children = (
				C44CB7901F535EA000AF5FC9 /* CaseUIViewWillMove.storyboard */,
				C44CB7921F535EE600AF5FC9 /* CaseUIViewWillMoveMainViewController.swift */,
				C44CB7981F53A07100AF5FC9 /* CaseUIViewWillMoveViewController1.swift */,
				C44CB79A1F53A08500AF5FC9 /* CaseUIViewWillMoveViewController2.swift */,
				C44CB7961F5360C900AF5FC9 /* CaseWillMoveView.swift */,
			);
			path = CaseUIViewWillMove;
			sourceTree = "<group>";
		};
		C44E72701F565B6100F9EE81 /* CaseAutolayout */ = {
			isa = PBXGroup;
			children = (
				C44E72711F565B9100F9EE81 /* CaseAutolayout.storyboard */,
				C44E72731F565BC900F9EE81 /* CaseAutolayoutMainViewController.swift */,
			);
			path = CaseAutolayout;
			sourceTree = "<group>";
		};
		C460FE3E1F574A1100676FCB /* CaseUnwind */ = {
			isa = PBXGroup;
			children = (
				C460FE3F1F574A1100676FCB /* CaseUnwind.storyboard */,
				C460FE401F574A1100676FCB /* CaseUnwindViewController1.swift */,
				C460FE411F574A1100676FCB /* CaseUnwindViewController2.swift */,
			);
			path = CaseUnwind;
			sourceTree = "<group>";
		};
		C4E0ADCD1F58933F004BCBA1 /* CaseParallax */ = {
			isa = PBXGroup;
			children = (
				C4E0ADCE1F589350004BCBA1 /* CaseParallax.storyboard */,
				C4E0ADD61F589888004BCBA1 /* CaseParallaxMainViewController.swift */,
				C4E0ADD81F58AF9B004BCBA1 /* ACParallaxView.swift */,
				C4E0ADDA1F58AFA6004BCBA1 /* ACParallaxView.xib */,
				C4E0ADD01F5893D0004BCBA1 /* KCParallaxView.h */,
				C4E0ADD11F5893D0004BCBA1 /* KCParallaxView.m */,
				C4E0ADD31F58940F004BCBA1 /* UIImageView+Aldo.h */,
				C4E0ADD41F58940F004BCBA1 /* UIImageView+Aldo.m */,
			);
			path = CaseParallax;
			sourceTree = "<group>";
		};
/* End PBXGroup section */

/* Begin PBXNativeTarget section */
		607FACCF1AFB9204008FA782 /* ACKit_Example */ = {
			isa = PBXNativeTarget;
			buildConfigurationList = 607FACEF1AFB9204008FA782 /* Build configuration list for PBXNativeTarget "ACKit_Example" */;
			buildPhases = (
				A64D48DD8D7A3917FB5E6AD2 /* [CP] Check Pods Manifest.lock */,
				607FACCC1AFB9204008FA782 /* Sources */,
				607FACCD1AFB9204008FA782 /* Frameworks */,
				607FACCE1AFB9204008FA782 /* Resources */,
				03E7691B2F9EE605D665B5E5 /* [CP] Embed Pods Frameworks */,
				04F9DCEF76EB2E23E5D7DECC /* [CP] Copy Pods Resources */,
			);
			buildRules = (
			);
			dependencies = (
			);
			name = ACKit_Example;
			productName = ACKit;
			productReference = 607FACD01AFB9204008FA782 /* ACKit_Example.app */;
			productType = "com.apple.product-type.application";
		};
		607FACE41AFB9204008FA782 /* ACKit_Tests */ = {
			isa = PBXNativeTarget;
			buildConfigurationList = 607FACF21AFB9204008FA782 /* Build configuration list for PBXNativeTarget "ACKit_Tests" */;
			buildPhases = (
				7FCFC1BDE6CCDF51BDF0FD47 /* [CP] Check Pods Manifest.lock */,
				607FACE11AFB9204008FA782 /* Sources */,
				607FACE21AFB9204008FA782 /* Frameworks */,
				607FACE31AFB9204008FA782 /* Resources */,
				620CC2E762E0D03D850D11A7 /* [CP] Embed Pods Frameworks */,
				CEFF225C9117132366491246 /* [CP] Copy Pods Resources */,
			);
			buildRules = (
			);
			dependencies = (
				607FACE71AFB9204008FA782 /* PBXTargetDependency */,
			);
			name = ACKit_Tests;
			productName = Tests;
			productReference = 607FACE51AFB9204008FA782 /* ACKit_Tests.xctest */;
			productType = "com.apple.product-type.bundle.unit-test";
		};
/* End PBXNativeTarget section */

/* Begin PBXProject section */
		607FACC81AFB9204008FA782 /* Project object */ = {
			isa = PBXProject;
			attributes = {
				LastSwiftUpdateCheck = 0720;
				LastUpgradeCheck = 0820;
				ORGANIZATIONNAME = CocoaPods;
				TargetAttributes = {
					607FACCF1AFB9204008FA782 = {
						CreatedOnToolsVersion = 6.3.1;
						DevelopmentTeam = JF6RD64R9G;
						LastSwiftMigration = 0830;
					};
					607FACE41AFB9204008FA782 = {
						CreatedOnToolsVersion = 6.3.1;
						LastSwiftMigration = 0820;
						TestTargetID = 607FACCF1AFB9204008FA782;
					};
				};
			};
			buildConfigurationList = 607FACCB1AFB9204008FA782 /* Build configuration list for PBXProject "ACKit" */;
			compatibilityVersion = "Xcode 3.2";
			developmentRegion = English;
			hasScannedForEncodings = 0;
			knownRegions = (
				en,
				Base,
			);
			mainGroup = 607FACC71AFB9204008FA782;
			productRefGroup = 607FACD11AFB9204008FA782 /* Products */;
			projectDirPath = "";
			projectRoot = "";
			targets = (
				607FACCF1AFB9204008FA782 /* ACKit_Example */,
				607FACE41AFB9204008FA782 /* ACKit_Tests */,
			);
		};
/* End PBXProject section */

/* Begin PBXResourcesBuildPhase section */
		607FACCE1AFB9204008FA782 /* Resources */ = {
			isa = PBXResourcesBuildPhase;
			buildActionMask = 2147483647;
			files = (
				C44CB78C1F535E0E00AF5FC9 /* CaseNavigationController.storyboard in Resources */,
				C44CB7721F53521100AF5FC9 /* SampleTableViewCell2.xib in Resources */,
				C460FE421F574A1100676FCB /* CaseUnwind.storyboard in Resources */,
				C44CB77B1F53521100AF5FC9 /* Images.xcassets in Resources */,
				C44CB77C1F53521100AF5FC9 /* Info.plist in Resources */,
				C44CB7911F535EA000AF5FC9 /* CaseUIViewWillMove.storyboard in Resources */,
				C44CB76A1F53521100AF5FC9 /* LaunchScreen.xib in Resources */,
				C44CB76B1F53521100AF5FC9 /* Main.storyboard in Resources */,
				C44E72721F565B9100F9EE81 /* CaseAutolayout.storyboard in Resources */,
				C44CB7701F53521100AF5FC9 /* SampleTableViewCell1.xib in Resources */,
				C44CB7741F53521100AF5FC9 /* CaseTransitions.storyboard in Resources */,
				C41B491B1F5F53CD00F0F99D /* CaseElasticHeader.storyboard in Resources */,
				C4E0ADDB1F58AFA6004BCBA1 /* ACParallaxView.xib in Resources */,
				C41B491F1F5F574900F0F99D /* CaseScroll.storyboard in Resources */,
				C4E0ADCF1F589350004BCBA1 /* CaseParallax.storyboard in Resources */,
				C44CB76C1F53521100AF5FC9 /* CaseCollections.storyboard in Resources */,
				C41B491A1F5F53CD00F0F99D /* ACElasticHeaderView.xib in Resources */,
				C4383A821F5E5CBF00DD2A10 /* CaseTransitions2.storyboard in Resources */,
				C44CB76E1F53521100AF5FC9 /* CaseTableCells.storyboard in Resources */,
			);
			runOnlyForDeploymentPostprocessing = 0;
		};
		607FACE31AFB9204008FA782 /* Resources */ = {
			isa = PBXResourcesBuildPhase;
			buildActionMask = 2147483647;
			files = (
			);
			runOnlyForDeploymentPostprocessing = 0;
		};
/* End PBXResourcesBuildPhase section */

/* Begin PBXShellScriptBuildPhase section */
		03E7691B2F9EE605D665B5E5 /* [CP] Embed Pods Frameworks */ = {
			isa = PBXShellScriptBuildPhase;
			buildActionMask = 2147483647;
			files = (
			);
			inputPaths = (
			);
			name = "[CP] Embed Pods Frameworks";
			outputPaths = (
			);
			runOnlyForDeploymentPostprocessing = 0;
			shellPath = /bin/sh;
			shellScript = "\"${SRCROOT}/Pods/Target Support Files/Pods-ACKit_Example/Pods-ACKit_Example-frameworks.sh\"\n";
			showEnvVarsInLog = 0;
		};
		04F9DCEF76EB2E23E5D7DECC /* [CP] Copy Pods Resources */ = {
			isa = PBXShellScriptBuildPhase;
			buildActionMask = 2147483647;
			files = (
			);
			inputPaths = (
			);
			name = "[CP] Copy Pods Resources";
			outputPaths = (
			);
			runOnlyForDeploymentPostprocessing = 0;
			shellPath = /bin/sh;
			shellScript = "\"${SRCROOT}/Pods/Target Support Files/Pods-ACKit_Example/Pods-ACKit_Example-resources.sh\"\n";
			showEnvVarsInLog = 0;
		};
		620CC2E762E0D03D850D11A7 /* [CP] Embed Pods Frameworks */ = {
			isa = PBXShellScriptBuildPhase;
			buildActionMask = 2147483647;
			files = (
			);
			inputPaths = (
			);
			name = "[CP] Embed Pods Frameworks";
			outputPaths = (
			);
			runOnlyForDeploymentPostprocessing = 0;
			shellPath = /bin/sh;
			shellScript = "\"${SRCROOT}/Pods/Target Support Files/Pods-ACKit_Tests/Pods-ACKit_Tests-frameworks.sh\"\n";
			showEnvVarsInLog = 0;
		};
		7FCFC1BDE6CCDF51BDF0FD47 /* [CP] Check Pods Manifest.lock */ = {
			isa = PBXShellScriptBuildPhase;
			buildActionMask = 2147483647;
			files = (
			);
			inputPaths = (
			);
			name = "[CP] Check Pods Manifest.lock";
			outputPaths = (
			);
			runOnlyForDeploymentPostprocessing = 0;
			shellPath = /bin/sh;
			shellScript = "diff \"${PODS_PODFILE_DIR_PATH}/Podfile.lock\" \"${PODS_ROOT}/Manifest.lock\" > /dev/null\nif [ $? != 0 ] ; then\n    # print error to STDERR\n    echo \"error: The sandbox is not in sync with the Podfile.lock. Run 'pod install' or update your CocoaPods installation.\" >&2\n    exit 1\nfi\n";
			showEnvVarsInLog = 0;
		};
		A64D48DD8D7A3917FB5E6AD2 /* [CP] Check Pods Manifest.lock */ = {
			isa = PBXShellScriptBuildPhase;
			buildActionMask = 2147483647;
			files = (
			);
			inputPaths = (
			);
			name = "[CP] Check Pods Manifest.lock";
			outputPaths = (
			);
			runOnlyForDeploymentPostprocessing = 0;
			shellPath = /bin/sh;
			shellScript = "diff \"${PODS_PODFILE_DIR_PATH}/Podfile.lock\" \"${PODS_ROOT}/Manifest.lock\" > /dev/null\nif [ $? != 0 ] ; then\n    # print error to STDERR\n    echo \"error: The sandbox is not in sync with the Podfile.lock. Run 'pod install' or update your CocoaPods installation.\" >&2\n    exit 1\nfi\n";
			showEnvVarsInLog = 0;
		};
		CEFF225C9117132366491246 /* [CP] Copy Pods Resources */ = {
			isa = PBXShellScriptBuildPhase;
			buildActionMask = 2147483647;
			files = (
			);
			inputPaths = (
			);
			name = "[CP] Copy Pods Resources";
			outputPaths = (
			);
			runOnlyForDeploymentPostprocessing = 0;
			shellPath = /bin/sh;
			shellScript = "\"${SRCROOT}/Pods/Target Support Files/Pods-ACKit_Tests/Pods-ACKit_Tests-resources.sh\"\n";
			showEnvVarsInLog = 0;
		};
/* End PBXShellScriptBuildPhase section */

/* Begin PBXSourcesBuildPhase section */
		607FACCC1AFB9204008FA782 /* Sources */ = {
			isa = PBXSourcesBuildPhase;
			buildActionMask = 2147483647;
			files = (
				C44CB7711F53521100AF5FC9 /* SampleTableViewCell2.swift in Sources */,
				C41B49191F5F53CD00F0F99D /* ACElasticHeaderView.swift in Sources */,
				C4383A861F5E5D4F00DD2A10 /* SampleTransition2ToViewController.swift in Sources */,
				C44CB78D1F535E0E00AF5FC9 /* SampleNavFirstViewController.swift in Sources */,
				C44CB76D1F53521100AF5FC9 /* CollectionViewController.swift in Sources */,
				C44CB7991F53A07100AF5FC9 /* CaseUIViewWillMoveViewController1.swift in Sources */,
				C44CB78E1F535E0E00AF5FC9 /* SampleNavMainViewController.swift in Sources */,
				C44CB7971F5360C900AF5FC9 /* CaseWillMoveView.swift in Sources */,
				C4E0ADD71F589888004BCBA1 /* CaseParallaxMainViewController.swift in Sources */,
				C44CB7691F53521100AF5FC9 /* AppDelegate.swift in Sources */,
				C44CB77D1F53521100AF5FC9 /* MainViewController.swift in Sources */,
				C44CB7791F53521100AF5FC9 /* SampleTransitionFromViewController.swift in Sources */,
				C44CB7771F53521100AF5FC9 /* ACHorizontalSlideOutAnimator.swift in Sources */,
				C44CB7781F53521100AF5FC9 /* ACHorizontalTransitionManager.swift in Sources */,
				C4E0ADD91F58AF9B004BCBA1 /* ACParallaxView.swift in Sources */,
				C4E0ADD51F58940F004BCBA1 /* UIImageView+Aldo.m in Sources */,
				C44E72741F565BC900F9EE81 /* CaseAutolayoutMainViewController.swift in Sources */,
				C41B491C1F5F53CD00F0F99D /* CaseElasticViewController.swift in Sources */,
				C4E0ADD21F5893D0004BCBA1 /* KCParallaxView.m in Sources */,
				C44CB7931F535EE600AF5FC9 /* CaseUIViewWillMoveMainViewController.swift in Sources */,
				C44CB76F1F53521100AF5FC9 /* SampleTableViewCell1.swift in Sources */,
				C44CB7731F53521100AF5FC9 /* TableCellViewController.swift in Sources */,
				C460FE431F574A1100676FCB /* CaseUnwindViewController1.swift in Sources */,
				C44CB7751F53521100AF5FC9 /* ACHorizontalInteractiveTransition.swift in Sources */,
				C460FE441F574A1100676FCB /* CaseUnwindViewController2.swift in Sources */,
				C44CB77A1F53521100AF5FC9 /* SampleTransitionToViewController.swift in Sources */,
				C44CB79B1F53A08500AF5FC9 /* CaseUIViewWillMoveViewController2.swift in Sources */,
				C41B49211F5F576200F0F99D /* CaseScrollViewController.swift in Sources */,
				C4383A851F5E5D4F00DD2A10 /* SampleTransition2FromViewController.swift in Sources */,
				C44CB7761F53521100AF5FC9 /* ACHorizontalSlideInAnimator.swift in Sources */,
			);
			runOnlyForDeploymentPostprocessing = 0;
		};
		607FACE11AFB9204008FA782 /* Sources */ = {
			isa = PBXSourcesBuildPhase;
			buildActionMask = 2147483647;
			files = (
				607FACEC1AFB9204008FA782 /* Tests.swift in Sources */,
			);
			runOnlyForDeploymentPostprocessing = 0;
		};
/* End PBXSourcesBuildPhase section */

/* Begin PBXTargetDependency section */
		607FACE71AFB9204008FA782 /* PBXTargetDependency */ = {
			isa = PBXTargetDependency;
			target = 607FACCF1AFB9204008FA782 /* ACKit_Example */;
			targetProxy = 607FACE61AFB9204008FA782 /* PBXContainerItemProxy */;
		};
/* End PBXTargetDependency section */

/* Begin PBXVariantGroup section */
		C44CB74F1F53521100AF5FC9 /* LaunchScreen.xib */ = {
			isa = PBXVariantGroup;
			children = (
				C44CB7501F53521100AF5FC9 /* Base */,
			);
			name = LaunchScreen.xib;
			sourceTree = "<group>";
		};
		C44CB7511F53521100AF5FC9 /* Main.storyboard */ = {
			isa = PBXVariantGroup;
			children = (
				C44CB7521F53521100AF5FC9 /* Base */,
			);
			name = Main.storyboard;
			sourceTree = "<group>";
		};
/* End PBXVariantGroup section */

/* Begin XCBuildConfiguration section */
		607FACED1AFB9204008FA782 /* Debug */ = {
			isa = XCBuildConfiguration;
			buildSettings = {
				ALWAYS_SEARCH_USER_PATHS = NO;
				CLANG_CXX_LANGUAGE_STANDARD = "gnu++0x";
				CLANG_CXX_LIBRARY = "libc++";
				CLANG_ENABLE_MODULES = YES;
				CLANG_ENABLE_OBJC_ARC = YES;
				CLANG_WARN_BOOL_CONVERSION = YES;
				CLANG_WARN_CONSTANT_CONVERSION = YES;
				CLANG_WARN_DIRECT_OBJC_ISA_USAGE = YES_ERROR;
				CLANG_WARN_EMPTY_BODY = YES;
				CLANG_WARN_ENUM_CONVERSION = YES;
				CLANG_WARN_INFINITE_RECURSION = YES;
				CLANG_WARN_INT_CONVERSION = YES;
				CLANG_WARN_OBJC_ROOT_CLASS = YES_ERROR;
				CLANG_WARN_SUSPICIOUS_MOVE = YES;
				CLANG_WARN_UNREACHABLE_CODE = YES;
				CLANG_WARN__DUPLICATE_METHOD_MATCH = YES;
				"CODE_SIGN_IDENTITY[sdk=iphoneos*]" = "iPhone Developer";
				COPY_PHASE_STRIP = NO;
				DEBUG_INFORMATION_FORMAT = "dwarf-with-dsym";
				ENABLE_STRICT_OBJC_MSGSEND = YES;
				ENABLE_TESTABILITY = YES;
				GCC_C_LANGUAGE_STANDARD = gnu99;
				GCC_DYNAMIC_NO_PIC = NO;
				GCC_NO_COMMON_BLOCKS = YES;
				GCC_OPTIMIZATION_LEVEL = 0;
				GCC_PREPROCESSOR_DEFINITIONS = (
					"DEBUG=1",
					"$(inherited)",
				);
				GCC_SYMBOLS_PRIVATE_EXTERN = NO;
				GCC_WARN_64_TO_32_BIT_CONVERSION = YES;
				GCC_WARN_ABOUT_RETURN_TYPE = YES_ERROR;
				GCC_WARN_UNDECLARED_SELECTOR = YES;
				GCC_WARN_UNINITIALIZED_AUTOS = YES_AGGRESSIVE;
				GCC_WARN_UNUSED_FUNCTION = YES;
				GCC_WARN_UNUSED_VARIABLE = YES;
				IPHONEOS_DEPLOYMENT_TARGET = 9.0;
				MTL_ENABLE_DEBUG_INFO = YES;
				ONLY_ACTIVE_ARCH = YES;
				SDKROOT = iphoneos;
				SWIFT_OPTIMIZATION_LEVEL = "-Onone";
			};
			name = Debug;
		};
		607FACEE1AFB9204008FA782 /* Release */ = {
			isa = XCBuildConfiguration;
			buildSettings = {
				ALWAYS_SEARCH_USER_PATHS = NO;
				CLANG_CXX_LANGUAGE_STANDARD = "gnu++0x";
				CLANG_CXX_LIBRARY = "libc++";
				CLANG_ENABLE_MODULES = YES;
				CLANG_ENABLE_OBJC_ARC = YES;
				CLANG_WARN_BOOL_CONVERSION = YES;
				CLANG_WARN_CONSTANT_CONVERSION = YES;
				CLANG_WARN_DIRECT_OBJC_ISA_USAGE = YES_ERROR;
				CLANG_WARN_EMPTY_BODY = YES;
				CLANG_WARN_ENUM_CONVERSION = YES;
				CLANG_WARN_INFINITE_RECURSION = YES;
				CLANG_WARN_INT_CONVERSION = YES;
				CLANG_WARN_OBJC_ROOT_CLASS = YES_ERROR;
				CLANG_WARN_SUSPICIOUS_MOVE = YES;
				CLANG_WARN_UNREACHABLE_CODE = YES;
				CLANG_WARN__DUPLICATE_METHOD_MATCH = YES;
				"CODE_SIGN_IDENTITY[sdk=iphoneos*]" = "iPhone Developer";
				COPY_PHASE_STRIP = NO;
				DEBUG_INFORMATION_FORMAT = "dwarf-with-dsym";
				ENABLE_NS_ASSERTIONS = NO;
				ENABLE_STRICT_OBJC_MSGSEND = YES;
				GCC_C_LANGUAGE_STANDARD = gnu99;
				GCC_NO_COMMON_BLOCKS = YES;
				GCC_WARN_64_TO_32_BIT_CONVERSION = YES;
				GCC_WARN_ABOUT_RETURN_TYPE = YES_ERROR;
				GCC_WARN_UNDECLARED_SELECTOR = YES;
				GCC_WARN_UNINITIALIZED_AUTOS = YES_AGGRESSIVE;
				GCC_WARN_UNUSED_FUNCTION = YES;
				GCC_WARN_UNUSED_VARIABLE = YES;
				IPHONEOS_DEPLOYMENT_TARGET = 9.0;
				MTL_ENABLE_DEBUG_INFO = NO;
				SDKROOT = iphoneos;
				SWIFT_OPTIMIZATION_LEVEL = "-Owholemodule";
				VALIDATE_PRODUCT = YES;
			};
			name = Release;
		};
		607FACF01AFB9204008FA782 /* Debug */ = {
			isa = XCBuildConfiguration;
			baseConfigurationReference = 0C7D67CE9ED861429AAFD5AA /* Pods-ACKit_Example.debug.xcconfig */;
			buildSettings = {
				ASSETCATALOG_COMPILER_APPICON_NAME = AppIcon;
				CLANG_ENABLE_MODULES = YES;
				DEVELOPMENT_TEAM = JF6RD64R9G;
				INFOPLIST_FILE = ACKitExample/Info.plist;
				IPHONEOS_DEPLOYMENT_TARGET = 10.0;
				LD_RUNPATH_SEARCH_PATHS = "$(inherited) @executable_path/Frameworks";
				MODULE_NAME = ExampleApp;
				PRODUCT_BUNDLE_IDENTIFIER = "org.cocoapods.demo.$(PRODUCT_NAME:rfc1034identifier)";
				PRODUCT_NAME = "$(TARGET_NAME)";
				SWIFT_OBJC_BRIDGING_HEADER = "ACKitExample/ACKit_Example-Bridging-Header.h";
				SWIFT_OPTIMIZATION_LEVEL = "-Onone";
				SWIFT_VERSION = 3.0;
			};
			name = Debug;
		};
		607FACF11AFB9204008FA782 /* Release */ = {
			isa = XCBuildConfiguration;
			baseConfigurationReference = E6FB10FA44AD738F032FD834 /* Pods-ACKit_Example.release.xcconfig */;
			buildSettings = {
				ASSETCATALOG_COMPILER_APPICON_NAME = AppIcon;
				CLANG_ENABLE_MODULES = YES;
				DEVELOPMENT_TEAM = JF6RD64R9G;
				INFOPLIST_FILE = ACKitExample/Info.plist;
				IPHONEOS_DEPLOYMENT_TARGET = 10.0;
				LD_RUNPATH_SEARCH_PATHS = "$(inherited) @executable_path/Frameworks";
				MODULE_NAME = ExampleApp;
				PRODUCT_BUNDLE_IDENTIFIER = "org.cocoapods.demo.$(PRODUCT_NAME:rfc1034identifier)";
				PRODUCT_NAME = "$(TARGET_NAME)";
				SWIFT_OBJC_BRIDGING_HEADER = "ACKitExample/ACKit_Example-Bridging-Header.h";
				SWIFT_VERSION = 3.0;
			};
			name = Release;
		};
		607FACF31AFB9204008FA782 /* Debug */ = {
			isa = XCBuildConfiguration;
			baseConfigurationReference = 7F692D691A25E4130E657F62 /* Pods-ACKit_Tests.debug.xcconfig */;
			buildSettings = {
				ALWAYS_EMBED_SWIFT_STANDARD_LIBRARIES = YES;
				FRAMEWORK_SEARCH_PATHS = (
					"$(SDKROOT)/Developer/Library/Frameworks",
					"$(inherited)",
				);
				GCC_PREPROCESSOR_DEFINITIONS = (
					"DEBUG=1",
					"$(inherited)",
				);
				INFOPLIST_FILE = Tests/Info.plist;
				LD_RUNPATH_SEARCH_PATHS = "$(inherited) @executable_path/Frameworks @loader_path/Frameworks";
				PRODUCT_BUNDLE_IDENTIFIER = "org.cocoapods.$(PRODUCT_NAME:rfc1034identifier)";
				PRODUCT_NAME = "$(TARGET_NAME)";
				SWIFT_VERSION = 3.0;
			};
			name = Debug;
		};
		607FACF41AFB9204008FA782 /* Release */ = {
			isa = XCBuildConfiguration;
			baseConfigurationReference = A9C37B466CA7225E3A11A3A2 /* Pods-ACKit_Tests.release.xcconfig */;
			buildSettings = {
				ALWAYS_EMBED_SWIFT_STANDARD_LIBRARIES = YES;
				FRAMEWORK_SEARCH_PATHS = (
					"$(SDKROOT)/Developer/Library/Frameworks",
					"$(inherited)",
				);
				INFOPLIST_FILE = Tests/Info.plist;
				LD_RUNPATH_SEARCH_PATHS = "$(inherited) @executable_path/Frameworks @loader_path/Frameworks";
				PRODUCT_BUNDLE_IDENTIFIER = "org.cocoapods.$(PRODUCT_NAME:rfc1034identifier)";
				PRODUCT_NAME = "$(TARGET_NAME)";
				SWIFT_VERSION = 3.0;
			};
			name = Release;
		};
/* End XCBuildConfiguration section */

/* Begin XCConfigurationList section */
		607FACCB1AFB9204008FA782 /* Build configuration list for PBXProject "ACKit" */ = {
			isa = XCConfigurationList;
			buildConfigurations = (
				607FACED1AFB9204008FA782 /* Debug */,
				607FACEE1AFB9204008FA782 /* Release */,
			);
			defaultConfigurationIsVisible = 0;
			defaultConfigurationName = Release;
		};
		607FACEF1AFB9204008FA782 /* Build configuration list for PBXNativeTarget "ACKit_Example" */ = {
			isa = XCConfigurationList;
			buildConfigurations = (
				607FACF01AFB9204008FA782 /* Debug */,
				607FACF11AFB9204008FA782 /* Release */,
			);
			defaultConfigurationIsVisible = 0;
			defaultConfigurationName = Release;
		};
		607FACF21AFB9204008FA782 /* Build configuration list for PBXNativeTarget "ACKit_Tests" */ = {
			isa = XCConfigurationList;
			buildConfigurations = (
				607FACF31AFB9204008FA782 /* Debug */,
				607FACF41AFB9204008FA782 /* Release */,
			);
			defaultConfigurationIsVisible = 0;
			defaultConfigurationName = Release;
		};
/* End XCConfigurationList section */
	};
	rootObject = 607FACC81AFB9204008FA782 /* Project object */;
}
